<?xml version="1.0" encoding="utf-8"?>
<Project ToolsVersion="4.0" xmlns="http://schemas.microsoft.com/developer/msbuild/2003">
  <ItemGroup>
    <Filter Include="Source Files">
      <UniqueIdentifier>{4FC737F1-C7A5-4376-A066-2A32D752A2FF}</UniqueIdentifier>
      <Extensions>cpp;c;cc;cxx;def;odl;idl;hpj;bat;asm;asmx</Extensions>
    </Filter>
    <Filter Include="Header Files">
      <UniqueIdentifier>{93995380-89BD-4b04-88EB-625FBE52EBFB}</UniqueIdentifier>
      <Extensions>h;hh;hpp;hxx;hm;inl;inc;xsd</Extensions>
    </Filter>
    <Filter Include="Resource Files">
      <UniqueIdentifier>{67DA6AB6-F800-4c08-8B7A-83BB121AAD01}</UniqueIdentifier>
      <Extensions>rc;ico;cur;bmp;dlg;rc2;rct;bin;rgs;gif;jpg;jpeg;jpe;resx;tiff;tif;png;wav</Extensions>
    </Filter>
  </ItemGroup>
  <ItemGroup>
    <ClCompile Include="Configuration.cpp">
      <Filter>Source Files</Filter>
    </ClCompile>
    <ClCompile Include="audio\Audio.cpp">
      <Filter>Source Files</Filter>
    </ClCompile>
    <ClCompile Include="character\ActiveBuffs.cpp">
      <Filter>Source Files</Filter>
    </ClCompile>
    <ClCompile Include="character\Buff.cpp">
      <Filter>Source Files</Filter>
    </ClCompile>
    <ClCompile Include="character\Char.cpp">
      <Filter>Source Files</Filter>
    </ClCompile>
    <ClCompile Include="character\CharEffect.cpp">
      <Filter>Source Files</Filter>
    </ClCompile>
    <ClCompile Include="character\Charstats.cpp">
      <Filter>Source Files</Filter>
    </ClCompile>
    <ClCompile Include="character\Equipstat.cpp">
      <Filter>Source Files</Filter>
    </ClCompile>
    <ClCompile Include="character\ExpTable.cpp">
      <Filter>Source Files</Filter>
    </ClCompile>
    <ClCompile Include="character\Job.cpp">
      <Filter>Source Files</Filter>
    </ClCompile>
    <ClCompile Include="character\Maplestat.cpp">
      <Filter>Source Files</Filter>
    </ClCompile>
    <ClCompile Include="character\Monsterbook.cpp">
      <Filter>Source Files</Filter>
    </ClCompile>
    <ClCompile Include="character\OtherChar.cpp">
      <Filter>Source Files</Filter>
    </ClCompile>
    <ClCompile Include="character\PassiveBuffs.cpp">
      <Filter>Source Files</Filter>
    </ClCompile>
    <ClCompile Include="character\Player.cpp">
      <Filter>Source Files</Filter>
    </ClCompile>
    <ClCompile Include="character\PlayerStates.cpp">
      <Filter>Source Files</Filter>
    </ClCompile>
    <ClCompile Include="character\Questlog.cpp">
      <Filter>Source Files</Filter>
    </ClCompile>
    <ClCompile Include="character\Skillbook.cpp">
      <Filter>Source Files</Filter>
    </ClCompile>
    <ClCompile Include="character\Telerock.cpp">
      <Filter>Source Files</Filter>
    </ClCompile>
    <ClCompile Include="character\inventory\Equip.cpp">
      <Filter>Source Files</Filter>
    </ClCompile>
    <ClCompile Include="character\inventory\EquipQuality.cpp">
      <Filter>Source Files</Filter>
    </ClCompile>
    <ClCompile Include="character\inventory\Inventory.cpp">
      <Filter>Source Files</Filter>
    </ClCompile>
    <ClCompile Include="character\inventory\InventoryType.cpp">
      <Filter>Source Files</Filter>
    </ClCompile>
    <ClCompile Include="character\inventory\Item.cpp">
      <Filter>Source Files</Filter>
    </ClCompile>
    <ClCompile Include="character\inventory\Pet.cpp">
      <Filter>Source Files</Filter>
    </ClCompile>
    <ClCompile Include="character\inventory\Weapon.cpp">
      <Filter>Source Files</Filter>
    </ClCompile>
    <ClCompile Include="character\look\Afterimage.cpp">
      <Filter>Source Files</Filter>
    </ClCompile>
    <ClCompile Include="character\look\Body.cpp">
      <Filter>Source Files</Filter>
    </ClCompile>
    <ClCompile Include="character\look\BodyDrawinfo.cpp">
      <Filter>Source Files</Filter>
    </ClCompile>
    <ClCompile Include="character\look\CharEquips.cpp">
      <Filter>Source Files</Filter>
    </ClCompile>
    <ClCompile Include="character\look\CharLook.cpp">
      <Filter>Source Files</Filter>
    </ClCompile>
    <ClCompile Include="character\look\Clothing.cpp">
      <Filter>Source Files</Filter>
    </ClCompile>
    <ClCompile Include="character\look\Equipslot.cpp">
      <Filter>Source Files</Filter>
    </ClCompile>
    <ClCompile Include="character\look\Face.cpp">
      <Filter>Source Files</Filter>
    </ClCompile>
    <ClCompile Include="character\look\Hair.cpp">
      <Filter>Source Files</Filter>
    </ClCompile>
    <ClCompile Include="character\look\PetLook.cpp">
      <Filter>Source Files</Filter>
    </ClCompile>
    <ClCompile Include="character\look\Stance.cpp">
      <Filter>Source Files</Filter>
    </ClCompile>
    <ClCompile Include="data\BulletData.cpp">
      <Filter>Source Files</Filter>
    </ClCompile>
    <ClCompile Include="data\EquipData.cpp">
      <Filter>Source Files</Filter>
    </ClCompile>
    <ClCompile Include="data\ItemData.cpp">
      <Filter>Source Files</Filter>
    </ClCompile>
    <ClCompile Include="data\JobData.cpp">
      <Filter>Source Files</Filter>
    </ClCompile>
    <ClCompile Include="data\SkillData.cpp">
      <Filter>Source Files</Filter>
    </ClCompile>
    <ClCompile Include="data\WeaponData.cpp">
      <Filter>Source Files</Filter>
    </ClCompile>
    <ClCompile Include="gameplay\Camera.cpp">
      <Filter>Source Files</Filter>
    </ClCompile>
    <ClCompile Include="gameplay\Spawn.cpp">
      <Filter>Source Files</Filter>
    </ClCompile>
    <ClCompile Include="gameplay\Stage.cpp">
      <Filter>Source Files</Filter>
    </ClCompile>
    <ClCompile Include="gameplay\combat\Bullet.cpp">
      <Filter>Source Files</Filter>
    </ClCompile>
    <ClCompile Include="gameplay\combat\Combat.cpp">
      <Filter>Source Files</Filter>
    </ClCompile>
    <ClCompile Include="gameplay\combat\DamageNumber.cpp">
      <Filter>Source Files</Filter>
    </ClCompile>
    <ClCompile Include="gameplay\combat\RegularAttack.cpp">
      <Filter>Source Files</Filter>
    </ClCompile>
    <ClCompile Include="gameplay\combat\Skill.cpp">
      <Filter>Source Files</Filter>
    </ClCompile>
    <ClCompile Include="gameplay\combat\SkillAction.cpp">
      <Filter>Source Files</Filter>
    </ClCompile>
    <ClCompile Include="gameplay\combat\SkillBullet.cpp">
      <Filter>Source Files</Filter>
    </ClCompile>
    <ClCompile Include="gameplay\combat\SkillHitEffect.cpp">
      <Filter>Source Files</Filter>
    </ClCompile>
    <ClCompile Include="gameplay\combat\SkillSound.cpp">
      <Filter>Source Files</Filter>
    </ClCompile>
    <ClCompile Include="gameplay\combat\SkillUseEffect.cpp">
      <Filter>Source Files</Filter>
    </ClCompile>
    <ClCompile Include="gameplay\maplemap\Drop.cpp">
      <Filter>Source Files</Filter>
    </ClCompile>
    <ClCompile Include="gameplay\maplemap\ItemDrop.cpp">
      <Filter>Source Files</Filter>
    </ClCompile>
    <ClCompile Include="gameplay\maplemap\MapBackgrounds.cpp">
      <Filter>Source Files</Filter>
    </ClCompile>
    <ClCompile Include="gameplay\maplemap\Mapchars.cpp">
      <Filter>Source Files</Filter>
    </ClCompile>
    <ClCompile Include="gameplay\maplemap\MapDrops.cpp">
      <Filter>Source Files</Filter>
    </ClCompile>
    <ClCompile Include="gameplay\maplemap\Mapinfo.cpp">
      <Filter>Source Files</Filter>
    </ClCompile>
    <ClCompile Include="gameplay\maplemap\Mapmobs.cpp">
      <Filter>Source Files</Filter>
    </ClCompile>
    <ClCompile Include="gameplay\maplemap\MapNpcs.cpp">
      <Filter>Source Files</Filter>
    </ClCompile>
    <ClCompile Include="gameplay\maplemap\MapObject.cpp">
      <Filter>Source Files</Filter>
    </ClCompile>
    <ClCompile Include="gameplay\maplemap\Mapobjects.cpp">
      <Filter>Source Files</Filter>
    </ClCompile>
    <ClCompile Include="gameplay\maplemap\Mapportals.cpp">
      <Filter>Source Files</Filter>
    </ClCompile>
    <ClCompile Include="gameplay\maplemap\MapReactors.cpp">
      <Filter>Source Files</Filter>
    </ClCompile>
    <ClCompile Include="gameplay\maplemap\MapTilesObjs.cpp">
      <Filter>Source Files</Filter>
    </ClCompile>
    <ClCompile Include="gameplay\maplemap\MesoDrop.cpp">
      <Filter>Source Files</Filter>
    </ClCompile>
    <ClCompile Include="gameplay\maplemap\Mob.cpp">
      <Filter>Source Files</Filter>
    </ClCompile>
    <ClCompile Include="gameplay\maplemap\Npc.cpp">
      <Filter>Source Files</Filter>
    </ClCompile>
    <ClCompile Include="gameplay\maplemap\Obj.cpp">
      <Filter>Source Files</Filter>
    </ClCompile>
    <ClCompile Include="gameplay\maplemap\Portal.cpp">
      <Filter>Source Files</Filter>
    </ClCompile>
    <ClCompile Include="gameplay\maplemap\Reactor.cpp">
      <Filter>Source Files</Filter>
    </ClCompile>
    <ClCompile Include="gameplay\maplemap\Tile.cpp">
      <Filter>Source Files</Filter>
    </ClCompile>
    <ClCompile Include="gameplay\physics\Foothold.cpp">
      <Filter>Source Files</Filter>
    </ClCompile>
    <ClCompile Include="gameplay\physics\Footholdtree.cpp">
      <Filter>Source Files</Filter>
    </ClCompile>
    <ClCompile Include="gameplay\physics\Physics.cpp">
      <Filter>Source Files</Filter>
    </ClCompile>
    <ClCompile Include="graphics\Animation.cpp">
      <Filter>Source Files</Filter>
    </ClCompile>
    <ClCompile Include="graphics\Color.cpp">
      <Filter>Source Files</Filter>
    </ClCompile>
    <ClCompile Include="graphics\EffectLayer.cpp">
      <Filter>Source Files</Filter>
    </ClCompile>
    <ClCompile Include="graphics\Geometry.cpp">
      <Filter>Source Files</Filter>
    </ClCompile>
    <ClCompile Include="graphics\GraphicsGL.cpp">
      <Filter>Source Files</Filter>
    </ClCompile>
    <ClCompile Include="graphics\Sprite.cpp">
      <Filter>Source Files</Filter>
    </ClCompile>
    <ClCompile Include="graphics\Text.cpp">
      <Filter>Source Files</Filter>
    </ClCompile>
    <ClCompile Include="graphics\Texture.cpp">
      <Filter>Source Files</Filter>
    </ClCompile>
    <ClCompile Include="io\Cursor.cpp">
      <Filter>Source Files</Filter>
    </ClCompile>
    <ClCompile Include="io\Keyboard.cpp">
      <Filter>Source Files</Filter>
    </ClCompile>
    <ClCompile Include="io\Messages.cpp">
      <Filter>Source Files</Filter>
    </ClCompile>
    <ClCompile Include="io\UI.cpp">
      <Filter>Source Files</Filter>
    </ClCompile>
    <ClCompile Include="io\UIElement.cpp">
      <Filter>Source Files</Filter>
    </ClCompile>
    <ClCompile Include="io\UIStateGame.cpp">
      <Filter>Source Files</Filter>
    </ClCompile>
    <ClCompile Include="io\UIStateLogin.cpp">
      <Filter>Source Files</Filter>
    </ClCompile>
    <ClCompile Include="io\Window.cpp">
      <Filter>Source Files</Filter>
    </ClCompile>
    <ClCompile Include="io\components\AreaButton.cpp">
      <Filter>Source Files</Filter>
    </ClCompile>
    <ClCompile Include="io\components\Button.cpp">
      <Filter>Source Files</Filter>
    </ClCompile>
    <ClCompile Include="io\components\Charset.cpp">
      <Filter>Source Files</Filter>
    </ClCompile>
    <ClCompile Include="io\components\ChatBalloon.cpp">
      <Filter>Source Files</Filter>
    </ClCompile>
    <ClCompile Include="io\components\EquipTooltip.cpp">
      <Filter>Source Files</Filter>
    </ClCompile>
    <ClCompile Include="io\components\Gauge.cpp">
      <Filter>Source Files</Filter>
    </ClCompile>
    <ClCompile Include="io\components\Icon.cpp">
      <Filter>Source Files</Filter>
    </ClCompile>
    <ClCompile Include="io\components\IconCover.cpp">
      <Filter>Source Files</Filter>
    </ClCompile>
    <ClCompile Include="io\components\ItemTooltip.cpp">
      <Filter>Source Files</Filter>
    </ClCompile>
    <ClCompile Include="io\components\MapleButton.cpp">
      <Filter>Source Files</Filter>
    </ClCompile>
    <ClCompile Include="io\components\MapleFrame.cpp">
      <Filter>Source Files</Filter>
    </ClCompile>
    <ClCompile Include="io\components\Nametag.cpp">
      <Filter>Source Files</Filter>
    </ClCompile>
    <ClCompile Include="io\components\Npctext.cpp">
      <Filter>Source Files</Filter>
    </ClCompile>
    <ClCompile Include="io\components\ScrollingNotice.cpp">
      <Filter>Source Files</Filter>
    </ClCompile>
    <ClCompile Include="io\components\SkillTooltip.cpp">
      <Filter>Source Files</Filter>
    </ClCompile>
    <ClCompile Include="io\components\Slider.cpp">
      <Filter>Source Files</Filter>
    </ClCompile>
    <ClCompile Include="io\components\Textfield.cpp">
      <Filter>Source Files</Filter>
    </ClCompile>
    <ClCompile Include="io\components\TwoSpriteButton.cpp">
      <Filter>Source Files</Filter>
    </ClCompile>
    <ClCompile Include="io\uitypes\UIBuffList.cpp">
      <Filter>Source Files</Filter>
    </ClCompile>
    <ClCompile Include="io\uitypes\UICharSelect.cpp">
      <Filter>Source Files</Filter>
    </ClCompile>
    <ClCompile Include="io\uitypes\UIChatbar.cpp">
      <Filter>Source Files</Filter>
    </ClCompile>
    <ClCompile Include="io\uitypes\UIEquipInventory.cpp">
      <Filter>Source Files</Filter>
    </ClCompile>
    <ClCompile Include="io\uitypes\UIItemInventory.cpp">
      <Filter>Source Files</Filter>
    </ClCompile>
    <ClCompile Include="io\uitypes\UILogin.cpp">
      <Filter>Source Files</Filter>
    </ClCompile>
    <ClCompile Include="io\uitypes\UILoginNotice.cpp">
      <Filter>Source Files</Filter>
    </ClCompile>
    <ClCompile Include="io\uitypes\UILoginwait.cpp">
      <Filter>Source Files</Filter>
    </ClCompile>
    <ClCompile Include="io\uitypes\UINotice.cpp">
      <Filter>Source Files</Filter>
    </ClCompile>
    <ClCompile Include="io\uitypes\UINpcTalk.cpp">
      <Filter>Source Files</Filter>
    </ClCompile>
    <ClCompile Include="io\uitypes\UIShop.cpp">
      <Filter>Source Files</Filter>
    </ClCompile>
    <ClCompile Include="io\uitypes\UISkillbook.cpp">
      <Filter>Source Files</Filter>
    </ClCompile>
    <ClCompile Include="io\uitypes\UISoftkey.cpp">
      <Filter>Source Files</Filter>
    </ClCompile>
    <ClCompile Include="io\uitypes\UIStatsinfo.cpp">
      <Filter>Source Files</Filter>
    </ClCompile>
    <ClCompile Include="io\uitypes\UIStatusbar.cpp">
      <Filter>Source Files</Filter>
    </ClCompile>
    <ClCompile Include="io\uitypes\UIStatusMessenger.cpp">
      <Filter>Source Files</Filter>
    </ClCompile>
    <ClCompile Include="io\uitypes\UIWorldSelect.cpp">
      <Filter>Source Files</Filter>
    </ClCompile>
    <ClCompile Include="net\Cryptography.cpp">
      <Filter>Source Files</Filter>
    </ClCompile>
    <ClCompile Include="net\InPacket.cpp">
      <Filter>Source Files</Filter>
    </ClCompile>
    <ClCompile Include="net\OutPacket.cpp">
      <Filter>Source Files</Filter>
    </ClCompile>
    <ClCompile Include="net\PacketSwitch.cpp">
      <Filter>Source Files</Filter>
    </ClCompile>
    <ClCompile Include="net\Session.cpp">
      <Filter>Source Files</Filter>
    </ClCompile>
    <ClCompile Include="net\SocketAsio.cpp">
      <Filter>Source Files</Filter>
    </ClCompile>
    <ClCompile Include="net\SocketWinsock.cpp">
      <Filter>Source Files</Filter>
    </ClCompile>
    <ClCompile Include="net\handlers\AttackHandlers.cpp">
      <Filter>Source Files</Filter>
    </ClCompile>
    <ClCompile Include="net\handlers\CommonHandlers.cpp">
      <Filter>Source Files</Filter>
    </ClCompile>
    <ClCompile Include="net\handlers\CustomHandlers.cpp">
      <Filter>Source Files</Filter>
    </ClCompile>
    <ClCompile Include="net\handlers\InventoryHandlers.cpp">
      <Filter>Source Files</Filter>
    </ClCompile>
    <ClCompile Include="net\handlers\LoginHandlers.cpp">
      <Filter>Source Files</Filter>
    </ClCompile>
    <ClCompile Include="net\handlers\MapObjectHandlers.cpp">
      <Filter>Source Files</Filter>
    </ClCompile>
    <ClCompile Include="net\handlers\MessagingHandlers.cpp">
      <Filter>Source Files</Filter>
    </ClCompile>
    <ClCompile Include="net\handlers\NpcInteractionHandlers.cpp">
      <Filter>Source Files</Filter>
    </ClCompile>
    <ClCompile Include="net\handlers\PlayerHandlers.cpp">
      <Filter>Source Files</Filter>
    </ClCompile>
    <ClCompile Include="net\handlers\SetfieldHandlers.cpp">
      <Filter>Source Files</Filter>
    </ClCompile>
    <ClCompile Include="net\handlers\helpers\ItemParser.cpp">
      <Filter>Source Files</Filter>
    </ClCompile>
    <ClCompile Include="net\handlers\helpers\LoginParser.cpp">
      <Filter>Source Files</Filter>
    </ClCompile>
    <ClCompile Include="net\handlers\helpers\MovementParser.cpp">
      <Filter>Source Files</Filter>
    </ClCompile>
    <ClCompile Include="util\HashUtility.cpp">
      <Filter>Source Files</Filter>
    </ClCompile>
    <ClCompile Include="util\Misc.cpp">
      <Filter>Source Files</Filter>
    </ClCompile>
    <ClCompile Include="util\NxFiles.cpp">
      <Filter>Source Files</Filter>
    </ClCompile>
    <ClCompile Include="Net\Handlers\TestingHandlers.cpp">
      <Filter>Source Files</Filter>
    </ClCompile>
    <ClCompile Include="IO\UITypes\UIQuestLog.cpp">
      <Filter>Source Files</Filter>
    </ClCompile>
    <ClCompile Include="IO\UITypes\UIWorldMap.cpp">
      <Filter>Source Files</Filter>
    </ClCompile>
    <ClCompile Include="IO\UITypes\UIUserList.cpp">
      <Filter>Source Files</Filter>
    </ClCompile>
    <ClCompile Include="IO\UITypes\UIMiniMap.cpp">
      <Filter>Source Files</Filter>
    </ClCompile>
    <ClCompile Include="IO\UITypes\UIChat.cpp">
      <Filter>Source Files</Filter>
    </ClCompile>
    <ClCompile Include="IO\UITypes\UIChannel.cpp">
      <Filter>Source Files</Filter>
    </ClCompile>
    <ClCompile Include="IO\UITypes\UIJoypad.cpp">
      <Filter>Source Files</Filter>
    </ClCompile>
    <ClCompile Include="IO\UITypes\UIEvent.cpp">
      <Filter>Source Files</Filter>
    </ClCompile>
    <ClCompile Include="IO\UITypes\UIKeyConfig.cpp">
      <Filter>Source Files</Filter>
    </ClCompile>
    <ClCompile Include="IO\UITypes\UILogo.cpp">
      <Filter>Source Files</Filter>
    </ClCompile>
    <ClCompile Include="IO\UITypes\UIRegion.cpp">
      <Filter>Source Files</Filter>
    </ClCompile>
    <ClCompile Include="IO\Components\TextTooltip.cpp">
      <Filter>Source Files</Filter>
    </ClCompile>
    <ClCompile Include="IO\UITypes\UITermsOfService.cpp">
      <Filter>Source Files</Filter>
    </ClCompile>
    <ClCompile Include="io\uitypes\UIRaceSelect.cpp">
      <Filter>Source Files</Filter>
    </ClCompile>
    <ClCompile Include="IO\UITypes\UICygnusCreation.cpp">
      <Filter>Source Files</Filter>
    </ClCompile>
    <ClCompile Include="IO\UITypes\UIAranCreation.cpp">
      <Filter>Source Files</Filter>
    </ClCompile>
    <ClCompile Include="IO\UITypes\UIExplorerCreation.cpp">
      <Filter>Source Files</Filter>
    </ClCompile>
    <ClCompile Include="IO\UITypes\UIGender.cpp">
      <Filter>Source Files</Filter>
    </ClCompile>
    <ClCompile Include="IO\Components\MapleComboBox.cpp">
      <Filter>Source Files</Filter>
    </ClCompile>
    <ClCompile Include="IO\UITypes\UIOptionMenu.cpp">
      <Filter>Source Files</Filter>
    </ClCompile>
    <ClCompile Include="MapleStory.cpp">
      <Filter>Source Files</Filter>
    </ClCompile>
    <ClCompile Include="IO\UITypes\UIQuit.cpp">
      <Filter>Source Files</Filter>
    </ClCompile>
    <ClCompile Include="Gameplay\Maplemap\MapEffect.cpp">
      <Filter>Source Files</Filter>
    </ClCompile>
    <ClCompile Include="IO\Components\StatefulIcon.cpp">
      <Filter>Source Files</Filter>
    </ClCompile>
    <ClCompile Include="IO\Components\MapTooltip.cpp">
      <Filter>Source Files</Filter>
    </ClCompile>
  </ItemGroup>
  <ItemGroup>
    <ClInclude Include="Configuration.h">
      <Filter>Header Files</Filter>
    </ClInclude>
    <ClInclude Include="Console.h">
      <Filter>Header Files</Filter>
    </ClInclude>
    <ClInclude Include="Constants.h">
      <Filter>Header Files</Filter>
    </ClInclude>
    <ClInclude Include="Error.h">
      <Filter>Header Files</Filter>
    </ClInclude>
    <ClInclude Include="Timer.h">
      <Filter>Header Files</Filter>
    </ClInclude>
    <ClInclude Include="audio\Audio.h">
      <Filter>Header Files</Filter>
    </ClInclude>
    <ClInclude Include="character\ActiveBuffs.h">
      <Filter>Header Files</Filter>
    </ClInclude>
    <ClInclude Include="character\Buff.h">
      <Filter>Header Files</Filter>
    </ClInclude>
    <ClInclude Include="character\Char.h">
      <Filter>Header Files</Filter>
    </ClInclude>
    <ClInclude Include="character\CharEffect.h">
      <Filter>Header Files</Filter>
    </ClInclude>
    <ClInclude Include="character\Charstats.h">
      <Filter>Header Files</Filter>
    </ClInclude>
    <ClInclude Include="character\Equipstat.h">
      <Filter>Header Files</Filter>
    </ClInclude>
    <ClInclude Include="character\ExpTable.h">
      <Filter>Header Files</Filter>
    </ClInclude>
    <ClInclude Include="character\Job.h">
      <Filter>Header Files</Filter>
    </ClInclude>
    <ClInclude Include="character\Maplestat.h">
      <Filter>Header Files</Filter>
    </ClInclude>
    <ClInclude Include="character\Monsterbook.h">
      <Filter>Header Files</Filter>
    </ClInclude>
    <ClInclude Include="character\OtherChar.h">
      <Filter>Header Files</Filter>
    </ClInclude>
    <ClInclude Include="character\PassiveBuffs.h">
      <Filter>Header Files</Filter>
    </ClInclude>
    <ClInclude Include="character\Player.h">
      <Filter>Header Files</Filter>
    </ClInclude>
    <ClInclude Include="character\PlayerStates.h">
      <Filter>Header Files</Filter>
    </ClInclude>
    <ClInclude Include="character\Questlog.h">
      <Filter>Header Files</Filter>
    </ClInclude>
    <ClInclude Include="character\Skillbook.h">
      <Filter>Header Files</Filter>
    </ClInclude>
    <ClInclude Include="character\SkillId.h">
      <Filter>Header Files</Filter>
    </ClInclude>
    <ClInclude Include="character\StatCaps.h">
      <Filter>Header Files</Filter>
    </ClInclude>
    <ClInclude Include="character\Telerock.h">
      <Filter>Header Files</Filter>
    </ClInclude>
    <ClInclude Include="character\inventory\Equip.h">
      <Filter>Header Files</Filter>
    </ClInclude>
    <ClInclude Include="character\inventory\EquipQuality.h">
      <Filter>Header Files</Filter>
    </ClInclude>
    <ClInclude Include="character\inventory\Inventory.h">
      <Filter>Header Files</Filter>
    </ClInclude>
    <ClInclude Include="character\inventory\InventoryType.h">
      <Filter>Header Files</Filter>
    </ClInclude>
    <ClInclude Include="character\inventory\Item.h">
      <Filter>Header Files</Filter>
    </ClInclude>
    <ClInclude Include="character\inventory\Pet.h">
      <Filter>Header Files</Filter>
    </ClInclude>
    <ClInclude Include="character\inventory\Weapon.h">
      <Filter>Header Files</Filter>
    </ClInclude>
    <ClInclude Include="character\look\Afterimage.h">
      <Filter>Header Files</Filter>
    </ClInclude>
    <ClInclude Include="character\look\Body.h">
      <Filter>Header Files</Filter>
    </ClInclude>
    <ClInclude Include="character\look\BodyDrawinfo.h">
      <Filter>Header Files</Filter>
    </ClInclude>
    <ClInclude Include="character\look\CharEquips.h">
      <Filter>Header Files</Filter>
    </ClInclude>
    <ClInclude Include="character\look\CharLook.h">
      <Filter>Header Files</Filter>
    </ClInclude>
    <ClInclude Include="character\look\Clothing.h">
      <Filter>Header Files</Filter>
    </ClInclude>
    <ClInclude Include="character\look\Equipslot.h">
      <Filter>Header Files</Filter>
    </ClInclude>
    <ClInclude Include="character\look\Face.h">
      <Filter>Header Files</Filter>
    </ClInclude>
    <ClInclude Include="character\look\Hair.h">
      <Filter>Header Files</Filter>
    </ClInclude>
    <ClInclude Include="character\look\PetLook.h">
      <Filter>Header Files</Filter>
    </ClInclude>
    <ClInclude Include="character\look\Stance.h">
      <Filter>Header Files</Filter>
    </ClInclude>
    <ClInclude Include="data\BulletData.h">
      <Filter>Header Files</Filter>
    </ClInclude>
    <ClInclude Include="data\EquipData.h">
      <Filter>Header Files</Filter>
    </ClInclude>
    <ClInclude Include="data\ItemData.h">
      <Filter>Header Files</Filter>
    </ClInclude>
    <ClInclude Include="data\JobData.h">
      <Filter>Header Files</Filter>
    </ClInclude>
    <ClInclude Include="data\SkillData.h">
      <Filter>Header Files</Filter>
    </ClInclude>
    <ClInclude Include="data\WeaponData.h">
      <Filter>Header Files</Filter>
    </ClInclude>
    <ClInclude Include="gameplay\Camera.h">
      <Filter>Header Files</Filter>
    </ClInclude>
    <ClInclude Include="gameplay\Movement.h">
      <Filter>Header Files</Filter>
    </ClInclude>
    <ClInclude Include="gameplay\Playable.h">
      <Filter>Header Files</Filter>
    </ClInclude>
    <ClInclude Include="gameplay\Spawn.h">
      <Filter>Header Files</Filter>
    </ClInclude>
    <ClInclude Include="gameplay\Stage.h">
      <Filter>Header Files</Filter>
    </ClInclude>
    <ClInclude Include="gameplay\combat\Attack.h">
      <Filter>Header Files</Filter>
    </ClInclude>
    <ClInclude Include="gameplay\combat\Bullet.h">
      <Filter>Header Files</Filter>
    </ClInclude>
    <ClInclude Include="gameplay\combat\Combat.h">
      <Filter>Header Files</Filter>
    </ClInclude>
    <ClInclude Include="gameplay\combat\DamageNumber.h">
      <Filter>Header Files</Filter>
    </ClInclude>
    <ClInclude Include="gameplay\combat\RegularAttack.h">
      <Filter>Header Files</Filter>
    </ClInclude>
    <ClInclude Include="gameplay\combat\Skill.h">
      <Filter>Header Files</Filter>
    </ClInclude>
    <ClInclude Include="gameplay\combat\SkillAction.h">
      <Filter>Header Files</Filter>
    </ClInclude>
    <ClInclude Include="gameplay\combat\SkillBullet.h">
      <Filter>Header Files</Filter>
    </ClInclude>
    <ClInclude Include="gameplay\combat\SkillHitEffect.h">
      <Filter>Header Files</Filter>
    </ClInclude>
    <ClInclude Include="gameplay\combat\SkillSound.h">
      <Filter>Header Files</Filter>
    </ClInclude>
    <ClInclude Include="gameplay\combat\SkillUseEffect.h">
      <Filter>Header Files</Filter>
    </ClInclude>
    <ClInclude Include="gameplay\combat\SpecialMove.h">
      <Filter>Header Files</Filter>
    </ClInclude>
    <ClInclude Include="gameplay\maplemap\Drop.h">
      <Filter>Header Files</Filter>
    </ClInclude>
    <ClInclude Include="gameplay\maplemap\ItemDrop.h">
      <Filter>Header Files</Filter>
    </ClInclude>
    <ClInclude Include="gameplay\maplemap\Layer.h">
      <Filter>Header Files</Filter>
    </ClInclude>
    <ClInclude Include="gameplay\maplemap\MapBackgrounds.h">
      <Filter>Header Files</Filter>
    </ClInclude>
    <ClInclude Include="gameplay\maplemap\Mapchars.h">
      <Filter>Header Files</Filter>
    </ClInclude>
    <ClInclude Include="gameplay\maplemap\MapDrops.h">
      <Filter>Header Files</Filter>
    </ClInclude>
    <ClInclude Include="gameplay\maplemap\Mapinfo.h">
      <Filter>Header Files</Filter>
    </ClInclude>
    <ClInclude Include="gameplay\maplemap\Mapmobs.h">
      <Filter>Header Files</Filter>
    </ClInclude>
    <ClInclude Include="gameplay\maplemap\MapNpcs.h">
      <Filter>Header Files</Filter>
    </ClInclude>
    <ClInclude Include="gameplay\maplemap\Mapobject.h">
      <Filter>Header Files</Filter>
    </ClInclude>
    <ClInclude Include="gameplay\maplemap\Mapobjects.h">
      <Filter>Header Files</Filter>
    </ClInclude>
    <ClInclude Include="gameplay\maplemap\Mapportals.h">
      <Filter>Header Files</Filter>
    </ClInclude>
    <ClInclude Include="gameplay\maplemap\MapReactors.h">
      <Filter>Header Files</Filter>
    </ClInclude>
    <ClInclude Include="gameplay\maplemap\MapTilesObjs.h">
      <Filter>Header Files</Filter>
    </ClInclude>
    <ClInclude Include="gameplay\maplemap\MesoDrop.h">
      <Filter>Header Files</Filter>
    </ClInclude>
    <ClInclude Include="gameplay\maplemap\Mob.h">
      <Filter>Header Files</Filter>
    </ClInclude>
    <ClInclude Include="gameplay\maplemap\Npc.h">
      <Filter>Header Files</Filter>
    </ClInclude>
    <ClInclude Include="gameplay\maplemap\Obj.h">
      <Filter>Header Files</Filter>
    </ClInclude>
    <ClInclude Include="gameplay\maplemap\Portal.h">
      <Filter>Header Files</Filter>
    </ClInclude>
    <ClInclude Include="gameplay\maplemap\Reactor.h">
      <Filter>Header Files</Filter>
    </ClInclude>
    <ClInclude Include="gameplay\maplemap\Tile.h">
      <Filter>Header Files</Filter>
    </ClInclude>
    <ClInclude Include="gameplay\physics\Foothold.h">
      <Filter>Header Files</Filter>
    </ClInclude>
    <ClInclude Include="gameplay\physics\Footholdtree.h">
      <Filter>Header Files</Filter>
    </ClInclude>
    <ClInclude Include="gameplay\physics\Physics.h">
      <Filter>Header Files</Filter>
    </ClInclude>
    <ClInclude Include="gameplay\physics\PhysicsObject.h">
      <Filter>Header Files</Filter>
    </ClInclude>
    <ClInclude Include="graphics\Animation.h">
      <Filter>Header Files</Filter>
    </ClInclude>
    <ClInclude Include="graphics\Color.h">
      <Filter>Header Files</Filter>
    </ClInclude>
    <ClInclude Include="graphics\DrawArgument.h">
      <Filter>Header Files</Filter>
    </ClInclude>
    <ClInclude Include="graphics\EffectLayer.h">
      <Filter>Header Files</Filter>
    </ClInclude>
    <ClInclude Include="graphics\Geometry.h">
      <Filter>Header Files</Filter>
    </ClInclude>
    <ClInclude Include="graphics\GraphicsGL.h">
      <Filter>Header Files</Filter>
    </ClInclude>
    <ClInclude Include="graphics\Sprite.h">
      <Filter>Header Files</Filter>
    </ClInclude>
    <ClInclude Include="graphics\Text.h">
      <Filter>Header Files</Filter>
    </ClInclude>
    <ClInclude Include="graphics\Texture.h">
      <Filter>Header Files</Filter>
    </ClInclude>
    <ClInclude Include="io\Cursor.h">
      <Filter>Header Files</Filter>
    </ClInclude>
    <ClInclude Include="io\KeyAction.h">
      <Filter>Header Files</Filter>
    </ClInclude>
    <ClInclude Include="io\Keyboard.h">
      <Filter>Header Files</Filter>
    </ClInclude>
    <ClInclude Include="io\KeyType.h">
      <Filter>Header Files</Filter>
    </ClInclude>
    <ClInclude Include="io\Messages.h">
      <Filter>Header Files</Filter>
    </ClInclude>
    <ClInclude Include="io\UI.h">
      <Filter>Header Files</Filter>
    </ClInclude>
    <ClInclude Include="io\UIDragElement.h">
      <Filter>Header Files</Filter>
    </ClInclude>
    <ClInclude Include="io\UIElement.h">
      <Filter>Header Files</Filter>
    </ClInclude>
    <ClInclude Include="io\UIState.h">
      <Filter>Header Files</Filter>
    </ClInclude>
    <ClInclude Include="io\UIStateGame.h">
      <Filter>Header Files</Filter>
    </ClInclude>
    <ClInclude Include="io\UIStateLogin.h">
      <Filter>Header Files</Filter>
    </ClInclude>
    <ClInclude Include="io\Window.h">
      <Filter>Header Files</Filter>
    </ClInclude>
    <ClInclude Include="io\components\AreaButton.h">
      <Filter>Header Files</Filter>
    </ClInclude>
    <ClInclude Include="io\components\Button.h">
      <Filter>Header Files</Filter>
    </ClInclude>
    <ClInclude Include="io\components\Charset.h">
      <Filter>Header Files</Filter>
    </ClInclude>
    <ClInclude Include="io\components\ChatBalloon.h">
      <Filter>Header Files</Filter>
    </ClInclude>
    <ClInclude Include="io\components\EquipTooltip.h">
      <Filter>Header Files</Filter>
    </ClInclude>
    <ClInclude Include="io\components\Gauge.h">
      <Filter>Header Files</Filter>
    </ClInclude>
    <ClInclude Include="io\components\Icon.h">
      <Filter>Header Files</Filter>
    </ClInclude>
    <ClInclude Include="io\components\IconCover.h">
      <Filter>Header Files</Filter>
    </ClInclude>
    <ClInclude Include="io\components\ItemTooltip.h">
      <Filter>Header Files</Filter>
    </ClInclude>
    <ClInclude Include="io\components\MapleButton.h">
      <Filter>Header Files</Filter>
    </ClInclude>
    <ClInclude Include="io\components\MapleFrame.h">
      <Filter>Header Files</Filter>
    </ClInclude>
    <ClInclude Include="io\components\Nametag.h">
      <Filter>Header Files</Filter>
    </ClInclude>
    <ClInclude Include="io\components\ScrollingNotice.h">
      <Filter>Header Files</Filter>
    </ClInclude>
    <ClInclude Include="io\components\SkillTooltip.h">
      <Filter>Header Files</Filter>
    </ClInclude>
    <ClInclude Include="io\components\Slider.h">
      <Filter>Header Files</Filter>
    </ClInclude>
    <ClInclude Include="io\components\Textfield.h">
      <Filter>Header Files</Filter>
    </ClInclude>
    <ClInclude Include="io\components\Tooltip.h">
      <Filter>Header Files</Filter>
    </ClInclude>
    <ClInclude Include="io\components\TwoSpriteButton.h">
      <Filter>Header Files</Filter>
    </ClInclude>
    <ClInclude Include="io\uitypes\UIBuffList.h">
      <Filter>Header Files</Filter>
    </ClInclude>
    <ClInclude Include="io\uitypes\UICharSelect.h">
      <Filter>Header Files</Filter>
    </ClInclude>
    <ClInclude Include="io\uitypes\UIChatbar.h">
      <Filter>Header Files</Filter>
    </ClInclude>
    <ClInclude Include="io\uitypes\UIEquipInventory.h">
      <Filter>Header Files</Filter>
    </ClInclude>
    <ClInclude Include="io\uitypes\UIItemInventory.h">
      <Filter>Header Files</Filter>
    </ClInclude>
    <ClInclude Include="io\uitypes\UILogin.h">
      <Filter>Header Files</Filter>
    </ClInclude>
    <ClInclude Include="io\uitypes\UILoginNotice.h">
      <Filter>Header Files</Filter>
    </ClInclude>
    <ClInclude Include="io\uitypes\UILoginwait.h">
      <Filter>Header Files</Filter>
    </ClInclude>
    <ClInclude Include="io\uitypes\UINotice.h">
      <Filter>Header Files</Filter>
    </ClInclude>
    <ClInclude Include="io\uitypes\UINpcTalk.h">
      <Filter>Header Files</Filter>
    </ClInclude>
    <ClInclude Include="io\uitypes\UIShop.h">
      <Filter>Header Files</Filter>
    </ClInclude>
    <ClInclude Include="io\uitypes\UISkillbook.h">
      <Filter>Header Files</Filter>
    </ClInclude>
    <ClInclude Include="io\uitypes\UISoftkey.h">
      <Filter>Header Files</Filter>
    </ClInclude>
    <ClInclude Include="io\uitypes\UIStatsinfo.h">
      <Filter>Header Files</Filter>
    </ClInclude>
    <ClInclude Include="io\uitypes\UIStatusbar.h">
      <Filter>Header Files</Filter>
    </ClInclude>
    <ClInclude Include="io\uitypes\UIStatusMessenger.h">
      <Filter>Header Files</Filter>
    </ClInclude>
    <ClInclude Include="io\uitypes\UIWorldSelect.h">
      <Filter>Header Files</Filter>
    </ClInclude>
    <ClInclude Include="net\Cryptography.h">
      <Filter>Header Files</Filter>
    </ClInclude>
    <ClInclude Include="net\InPacket.h">
      <Filter>Header Files</Filter>
    </ClInclude>
    <ClInclude Include="net\Login.h">
      <Filter>Header Files</Filter>
    </ClInclude>
    <ClInclude Include="net\NetConstants.h">
      <Filter>Header Files</Filter>
    </ClInclude>
    <ClInclude Include="net\OutPacket.h">
      <Filter>Header Files</Filter>
    </ClInclude>
    <ClInclude Include="net\PacketError.h">
      <Filter>Header Files</Filter>
    </ClInclude>
    <ClInclude Include="net\PacketHandler.h">
      <Filter>Header Files</Filter>
    </ClInclude>
    <ClInclude Include="net\PacketSwitch.h">
      <Filter>Header Files</Filter>
    </ClInclude>
    <ClInclude Include="net\Session.h">
      <Filter>Header Files</Filter>
    </ClInclude>
    <ClInclude Include="net\SocketAsio.h">
      <Filter>Header Files</Filter>
    </ClInclude>
    <ClInclude Include="net\SocketWinsock.h">
      <Filter>Header Files</Filter>
    </ClInclude>
    <ClInclude Include="net\handlers\AttackHandlers.h">
      <Filter>Header Files</Filter>
    </ClInclude>
    <ClInclude Include="net\handlers\CommonHandlers.h">
      <Filter>Header Files</Filter>
    </ClInclude>
    <ClInclude Include="net\handlers\CustomHandlers.h">
      <Filter>Header Files</Filter>
    </ClInclude>
    <ClInclude Include="net\handlers\InventoryHandlers.h">
      <Filter>Header Files</Filter>
    </ClInclude>
    <ClInclude Include="net\handlers\LoginHandlers.h">
      <Filter>Header Files</Filter>
    </ClInclude>
    <ClInclude Include="net\handlers\MapobjectHandlers.h">
      <Filter>Header Files</Filter>
    </ClInclude>
    <ClInclude Include="net\handlers\MessagingHandlers.h">
      <Filter>Header Files</Filter>
    </ClInclude>
    <ClInclude Include="net\handlers\NpcInteractionHandlers.h">
      <Filter>Header Files</Filter>
    </ClInclude>
    <ClInclude Include="net\handlers\PlayerHandlers.h">
      <Filter>Header Files</Filter>
    </ClInclude>
    <ClInclude Include="net\handlers\SetfieldHandlers.h">
      <Filter>Header Files</Filter>
    </ClInclude>
    <ClInclude Include="net\handlers\helpers\ItemParser.h">
      <Filter>Header Files</Filter>
    </ClInclude>
    <ClInclude Include="net\handlers\helpers\LoginParser.h">
      <Filter>Header Files</Filter>
    </ClInclude>
    <ClInclude Include="net\handlers\helpers\MovementParser.h">
      <Filter>Header Files</Filter>
    </ClInclude>
    <ClInclude Include="net\packets\AttackAndSkillPackets.h">
      <Filter>Header Files</Filter>
    </ClInclude>
    <ClInclude Include="net\packets\CharCreationPackets.h">
      <Filter>Header Files</Filter>
    </ClInclude>
    <ClInclude Include="net\packets\CommonPackets.h">
      <Filter>Header Files</Filter>
    </ClInclude>
    <ClInclude Include="net\packets\CustomPackets.h">
      <Filter>Header Files</Filter>
    </ClInclude>
    <ClInclude Include="net\packets\GameplayPackets.h">
      <Filter>Header Files</Filter>
    </ClInclude>
    <ClInclude Include="net\packets\InventoryPackets.h">
      <Filter>Header Files</Filter>
    </ClInclude>
    <ClInclude Include="net\packets\LoginPackets.h">
      <Filter>Header Files</Filter>
    </ClInclude>
    <ClInclude Include="net\packets\MessagingPackets.h">
      <Filter>Header Files</Filter>
    </ClInclude>
    <ClInclude Include="net\packets\MovementPacket.h">
      <Filter>Header Files</Filter>
    </ClInclude>
    <ClInclude Include="net\packets\NpcInteractionPackets.h">
      <Filter>Header Files</Filter>
    </ClInclude>
    <ClInclude Include="net\packets\PlayerPackets.h">
      <Filter>Header Files</Filter>
    </ClInclude>
    <ClInclude Include="net\packets\SelectCharPackets.h">
      <Filter>Header Files</Filter>
    </ClInclude>
    <ClInclude Include="template\BoolPair.h">
      <Filter>Header Files</Filter>
    </ClInclude>
    <ClInclude Include="template\Cache.h">
      <Filter>Header Files</Filter>
    </ClInclude>
    <ClInclude Include="template\Enumeration.h">
      <Filter>Header Files</Filter>
    </ClInclude>
    <ClInclude Include="template\EnumMap.h">
      <Filter>Header Files</Filter>
    </ClInclude>
    <ClInclude Include="template\Interpolated.h">
      <Filter>Header Files</Filter>
    </ClInclude>
    <ClInclude Include="template\Optional.h">
      <Filter>Header Files</Filter>
    </ClInclude>
    <ClInclude Include="template\Point.h">
      <Filter>Header Files</Filter>
    </ClInclude>
    <ClInclude Include="template\Range.h">
      <Filter>Header Files</Filter>
    </ClInclude>
    <ClInclude Include="template\Rectangle.h">
      <Filter>Header Files</Filter>
    </ClInclude>
    <ClInclude Include="template\Singleton.h">
      <Filter>Header Files</Filter>
    </ClInclude>
    <ClInclude Include="template\TimedQueue.h">
      <Filter>Header Files</Filter>
    </ClInclude>
    <ClInclude Include="template\TypeMap.h">
      <Filter>Header Files</Filter>
    </ClInclude>
    <ClInclude Include="util\HashUtility.h">
      <Filter>Header Files</Filter>
    </ClInclude>
    <ClInclude Include="util\Lerp.h">
      <Filter>Header Files</Filter>
    </ClInclude>
    <ClInclude Include="util\Misc.h">
      <Filter>Header Files</Filter>
    </ClInclude>
    <ClInclude Include="util\NxFiles.h">
      <Filter>Header Files</Filter>
    </ClInclude>
    <ClInclude Include="util\QuadTree.h">
      <Filter>Header Files</Filter>
    </ClInclude>
    <ClInclude Include="util\Randomizer.h">
      <Filter>Header Files</Filter>
    </ClInclude>
    <ClInclude Include="util\TimedBool.h">
      <Filter>Header Files</Filter>
    </ClInclude>
    <ClInclude Include="Net\Handlers\TestingHandlers.h">
      <Filter>Header Files</Filter>
    </ClInclude>
    <ClInclude Include="Util\HardwareInfo.h">
      <Filter>Header Files</Filter>
    </ClInclude>
    <ClInclude Include="IO\UITypes\UIQuestLog.h">
      <Filter>Header Files</Filter>
    </ClInclude>
    <ClInclude Include="IO\UITypes\UIWorldMap.h">
      <Filter>Header Files</Filter>
    </ClInclude>
    <ClInclude Include="IO\UITypes\UIUserList.h">
      <Filter>Header Files</Filter>
    </ClInclude>
    <ClInclude Include="IO\UITypes\UIMiniMap.h">
      <Filter>Header Files</Filter>
    </ClInclude>
    <ClInclude Include="IO\UITypes\UIChat.h">
      <Filter>Header Files</Filter>
    </ClInclude>
    <ClInclude Include="IO\UITypes\UIChannel.h">
      <Filter>Header Files</Filter>
    </ClInclude>
    <ClInclude Include="IO\UITypes\UIJoypad.h">
      <Filter>Header Files</Filter>
    </ClInclude>
    <ClInclude Include="IO\UITypes\UIEvent.h">
      <Filter>Header Files</Filter>
    </ClInclude>
    <ClInclude Include="Graphics\SpecialText.h">
      <Filter>Header Files</Filter>
    </ClInclude>
    <ClInclude Include="IO\UITypes\UIKeyConfig.h">
      <Filter>Header Files</Filter>
    </ClInclude>
    <ClInclude Include="IO\KeyConfig.h">
      <Filter>Header Files</Filter>
    </ClInclude>
    <ClInclude Include="IO\UITypes\UILogo.h">
      <Filter>Header Files</Filter>
    </ClInclude>
    <ClInclude Include="resource.h">
      <Filter>Header Files</Filter>
    </ClInclude>
    <ClInclude Include="IO\UITypes\UIRegion.h">
      <Filter>Header Files</Filter>
    </ClInclude>
    <ClInclude Include="IO\Components\TextTooltip.h">
      <Filter>Header Files</Filter>
    </ClInclude>
    <ClInclude Include="IO\UITypes\UITermsOfService.h">
      <Filter>Header Files</Filter>
    </ClInclude>
    <ClInclude Include="io\uitypes\UIRaceSelect.h">
      <Filter>Header Files</Filter>
    </ClInclude>
    <ClInclude Include="IO\UITypes\UIAranCreation.h">
      <Filter>Header Files</Filter>
    </ClInclude>
    <ClInclude Include="IO\UITypes\UICygnusCreation.h">
      <Filter>Header Files</Filter>
    </ClInclude>
    <ClInclude Include="IO\UITypes\UIExplorerCreation.h">
      <Filter>Header Files</Filter>
    </ClInclude>
    <ClInclude Include="IO\UITypes\UIGender.h">
      <Filter>Header Files</Filter>
    </ClInclude>
    <ClInclude Include="IO\Components\MapleComboBox.h">
      <Filter>Header Files</Filter>
    </ClInclude>
    <ClInclude Include="Util\ScreenResolution.h">
      <Filter>Header Files</Filter>
    </ClInclude>
    <ClInclude Include="IO\UITypes\UIOptionMenu.h">
      <Filter>Header Files</Filter>
    </ClInclude>
    <ClInclude Include="MapleStory.h">
      <Filter>Header Files</Filter>
    </ClInclude>
    <ClInclude Include="IO\UITypes\UIQuit.h">
      <Filter>Header Files</Filter>
    </ClInclude>
    <ClInclude Include="Gameplay\Maplemap\MapEffect.h">
      <Filter>Header Files</Filter>
    </ClInclude>
    <ClInclude Include="IO\Components\StatefulIcon.h">
      <Filter>Header Files</Filter>
    </ClInclude>
    <ClInclude Include="IO\Components\MapTooltip.h">
      <Filter>Header Files</Filter>
    </ClInclude>
  </ItemGroup>
  <ItemGroup>
    <ResourceCompile Include="MapleStory.rc">
      <Filter>Resource Files</Filter>
    </ResourceCompile>
  </ItemGroup>
  <ItemGroup>
    <Image Include="Icon.ico">
      <Filter>Resource Files</Filter>
    </Image>
  </ItemGroup>
</Project>