<?xml version="1.0" encoding="utf-8"?>
<Project ToolsVersion="4.0" xmlns="http://schemas.microsoft.com/developer/msbuild/2003">
  <ItemGroup>
    <Filter Include="Source Files">
      <UniqueIdentifier>{4FC737F1-C7A5-4376-A066-2A32D752A2FF}</UniqueIdentifier>
      <Extensions>cpp;c;cc;cxx;def;odl;idl;hpj;bat;asm;asmx</Extensions>
    </Filter>
    <Filter Include="Header Files">
      <UniqueIdentifier>{93995380-89BD-4b04-88EB-625FBE52EBFB}</UniqueIdentifier>
      <Extensions>h;hh;hpp;hxx;hm;inl;inc;xsd</Extensions>
    </Filter>
    <Filter Include="Resource Files">
      <UniqueIdentifier>{67DA6AB6-F800-4c08-8B7A-83BB121AAD01}</UniqueIdentifier>
      <Extensions>rc;ico;cur;bmp;dlg;rc2;rct;bin;rgs;gif;jpg;jpeg;jpe;resx;tiff;tif;png;wav</Extensions>
    </Filter>
  </ItemGroup>
  <ItemGroup>
    <ClCompile Include="Configuration.cpp">
      <Filter>Source Files</Filter>
    </ClCompile>
    <ClCompile Include="MapleStory.cpp">
      <Filter>Source Files</Filter>
    </ClCompile>
    <ClCompile Include="Audio\Audio.cpp">
      <Filter>Source Files</Filter>
    </ClCompile>
    <ClCompile Include="Character\Inventory\Equip.cpp">
      <Filter>Source Files</Filter>
    </ClCompile>
    <ClCompile Include="Character\Inventory\EquipQuality.cpp">
      <Filter>Source Files</Filter>
    </ClCompile>
    <ClCompile Include="Character\Inventory\Inventory.cpp">
      <Filter>Source Files</Filter>
    </ClCompile>
    <ClCompile Include="Character\Inventory\InventoryType.cpp">
      <Filter>Source Files</Filter>
    </ClCompile>
    <ClCompile Include="Character\Inventory\Item.cpp">
      <Filter>Source Files</Filter>
    </ClCompile>
    <ClCompile Include="Character\Inventory\Pet.cpp">
      <Filter>Source Files</Filter>
    </ClCompile>
    <ClCompile Include="Character\Inventory\Weapon.cpp">
      <Filter>Source Files</Filter>
    </ClCompile>
    <ClCompile Include="Character\Look\Afterimage.cpp">
      <Filter>Source Files</Filter>
    </ClCompile>
    <ClCompile Include="Character\Look\Body.cpp">
      <Filter>Source Files</Filter>
    </ClCompile>
    <ClCompile Include="Character\Look\CharEquips.cpp">
      <Filter>Source Files</Filter>
    </ClCompile>
    <ClCompile Include="Character\Look\CharLook.cpp">
      <Filter>Source Files</Filter>
    </ClCompile>
    <ClCompile Include="Character\Look\Clothing.cpp">
      <Filter>Source Files</Filter>
    </ClCompile>
    <ClCompile Include="Character\Look\EquipSlot.cpp">
      <Filter>Source Files</Filter>
    </ClCompile>
    <ClCompile Include="Character\Look\Face.cpp">
      <Filter>Source Files</Filter>
    </ClCompile>
    <ClCompile Include="Character\Look\Hair.cpp">
      <Filter>Source Files</Filter>
    </ClCompile>
    <ClCompile Include="Character\Look\PetLook.cpp">
      <Filter>Source Files</Filter>
    </ClCompile>
    <ClCompile Include="Character\Look\Stance.cpp">
      <Filter>Source Files</Filter>
    </ClCompile>
    <ClCompile Include="Character\ActiveBuffs.cpp">
      <Filter>Source Files</Filter>
    </ClCompile>
    <ClCompile Include="Character\Buff.cpp">
      <Filter>Source Files</Filter>
    </ClCompile>
    <ClCompile Include="Character\Char.cpp">
      <Filter>Source Files</Filter>
    </ClCompile>
    <ClCompile Include="Character\CharEffect.cpp">
      <Filter>Source Files</Filter>
    </ClCompile>
    <ClCompile Include="Character\CharStats.cpp">
      <Filter>Source Files</Filter>
    </ClCompile>
    <ClCompile Include="Character\EquipStat.cpp">
      <Filter>Source Files</Filter>
    </ClCompile>
    <ClCompile Include="Character\ExpTable.cpp">
      <Filter>Source Files</Filter>
    </ClCompile>
    <ClCompile Include="Character\Job.cpp">
      <Filter>Source Files</Filter>
    </ClCompile>
    <ClCompile Include="Character\MapleStat.cpp">
      <Filter>Source Files</Filter>
    </ClCompile>
    <ClCompile Include="Character\MonsterBook.cpp">
      <Filter>Source Files</Filter>
    </ClCompile>
    <ClCompile Include="Character\OtherChar.cpp">
      <Filter>Source Files</Filter>
    </ClCompile>
    <ClCompile Include="Character\PassiveBuffs.cpp">
      <Filter>Source Files</Filter>
    </ClCompile>
    <ClCompile Include="Character\Player.cpp">
      <Filter>Source Files</Filter>
    </ClCompile>
    <ClCompile Include="Character\PlayerStates.cpp">
      <Filter>Source Files</Filter>
    </ClCompile>
    <ClCompile Include="Character\QuestLog.cpp">
      <Filter>Source Files</Filter>
    </ClCompile>
    <ClCompile Include="Character\SkillBook.cpp">
      <Filter>Source Files</Filter>
    </ClCompile>
    <ClCompile Include="Character\TeleportRock.cpp">
      <Filter>Source Files</Filter>
    </ClCompile>
    <ClCompile Include="Data\BulletData.cpp">
      <Filter>Source Files</Filter>
    </ClCompile>
    <ClCompile Include="Data\EquipData.cpp">
      <Filter>Source Files</Filter>
    </ClCompile>
    <ClCompile Include="Data\ItemData.cpp">
      <Filter>Source Files</Filter>
    </ClCompile>
    <ClCompile Include="Data\JobData.cpp">
      <Filter>Source Files</Filter>
    </ClCompile>
    <ClCompile Include="Data\SkillData.cpp">
      <Filter>Source Files</Filter>
    </ClCompile>
    <ClCompile Include="Data\WeaponData.cpp">
      <Filter>Source Files</Filter>
    </ClCompile>
    <ClCompile Include="Gameplay\Combat\Bullet.cpp">
      <Filter>Source Files</Filter>
    </ClCompile>
    <ClCompile Include="Gameplay\Combat\Combat.cpp">
      <Filter>Source Files</Filter>
    </ClCompile>
    <ClCompile Include="Gameplay\Combat\DamageNumber.cpp">
      <Filter>Source Files</Filter>
    </ClCompile>
    <ClCompile Include="Gameplay\Combat\RegularAttack.cpp">
      <Filter>Source Files</Filter>
    </ClCompile>
    <ClCompile Include="Gameplay\Combat\Skill.cpp">
      <Filter>Source Files</Filter>
    </ClCompile>
    <ClCompile Include="Gameplay\Combat\SkillAction.cpp">
      <Filter>Source Files</Filter>
    </ClCompile>
    <ClCompile Include="Gameplay\Combat\SkillBullet.cpp">
      <Filter>Source Files</Filter>
    </ClCompile>
    <ClCompile Include="Gameplay\Combat\SkillHitEffect.cpp">
      <Filter>Source Files</Filter>
    </ClCompile>
    <ClCompile Include="Gameplay\Combat\SkillSound.cpp">
      <Filter>Source Files</Filter>
    </ClCompile>
    <ClCompile Include="Gameplay\Combat\SkillUseEffect.cpp">
      <Filter>Source Files</Filter>
    </ClCompile>
    <ClCompile Include="Gameplay\MapleMap\Drop.cpp">
      <Filter>Source Files</Filter>
    </ClCompile>
    <ClCompile Include="Gameplay\MapleMap\ItemDrop.cpp">
      <Filter>Source Files</Filter>
    </ClCompile>
    <ClCompile Include="Gameplay\MapleMap\MapBackgrounds.cpp">
      <Filter>Source Files</Filter>
    </ClCompile>
    <ClCompile Include="Gameplay\MapleMap\MapChars.cpp">
      <Filter>Source Files</Filter>
    </ClCompile>
    <ClCompile Include="Gameplay\MapleMap\MapDrops.cpp">
      <Filter>Source Files</Filter>
    </ClCompile>
    <ClCompile Include="Gameplay\MapleMap\MapEffect.cpp">
      <Filter>Source Files</Filter>
    </ClCompile>
    <ClCompile Include="Gameplay\MapleMap\MapInfo.cpp">
      <Filter>Source Files</Filter>
    </ClCompile>
    <ClCompile Include="Gameplay\MapleMap\MapMobs.cpp">
      <Filter>Source Files</Filter>
    </ClCompile>
    <ClCompile Include="Gameplay\MapleMap\MapNpcs.cpp">
      <Filter>Source Files</Filter>
    </ClCompile>
    <ClCompile Include="Gameplay\MapleMap\MapObject.cpp">
      <Filter>Source Files</Filter>
    </ClCompile>
    <ClCompile Include="Gameplay\MapleMap\MapObjects.cpp">
      <Filter>Source Files</Filter>
    </ClCompile>
    <ClCompile Include="Gameplay\MapleMap\MapPortals.cpp">
      <Filter>Source Files</Filter>
    </ClCompile>
    <ClCompile Include="Gameplay\MapleMap\MapReactors.cpp">
      <Filter>Source Files</Filter>
    </ClCompile>
    <ClCompile Include="Gameplay\MapleMap\MapTilesObjs.cpp">
      <Filter>Source Files</Filter>
    </ClCompile>
    <ClCompile Include="Gameplay\MapleMap\MesoDrop.cpp">
      <Filter>Source Files</Filter>
    </ClCompile>
    <ClCompile Include="Gameplay\MapleMap\Mob.cpp">
      <Filter>Source Files</Filter>
    </ClCompile>
    <ClCompile Include="Gameplay\MapleMap\Npc.cpp">
      <Filter>Source Files</Filter>
    </ClCompile>
    <ClCompile Include="Gameplay\MapleMap\Obj.cpp">
      <Filter>Source Files</Filter>
    </ClCompile>
    <ClCompile Include="Gameplay\MapleMap\Portal.cpp">
      <Filter>Source Files</Filter>
    </ClCompile>
    <ClCompile Include="Gameplay\MapleMap\Reactor.cpp">
      <Filter>Source Files</Filter>
    </ClCompile>
    <ClCompile Include="Gameplay\MapleMap\Tile.cpp">
      <Filter>Source Files</Filter>
    </ClCompile>
    <ClCompile Include="Gameplay\Physics\Foothold.cpp">
      <Filter>Source Files</Filter>
    </ClCompile>
    <ClCompile Include="Gameplay\Physics\FootholdTree.cpp">
      <Filter>Source Files</Filter>
    </ClCompile>
    <ClCompile Include="Gameplay\Physics\Physics.cpp">
      <Filter>Source Files</Filter>
    </ClCompile>
    <ClCompile Include="Gameplay\Camera.cpp">
      <Filter>Source Files</Filter>
    </ClCompile>
    <ClCompile Include="Gameplay\Spawn.cpp">
      <Filter>Source Files</Filter>
    </ClCompile>
    <ClCompile Include="Gameplay\Stage.cpp">
      <Filter>Source Files</Filter>
    </ClCompile>
    <ClCompile Include="Graphics\Animation.cpp">
      <Filter>Source Files</Filter>
    </ClCompile>
    <ClCompile Include="Graphics\Color.cpp">
      <Filter>Source Files</Filter>
    </ClCompile>
    <ClCompile Include="Graphics\EffectLayer.cpp">
      <Filter>Source Files</Filter>
    </ClCompile>
    <ClCompile Include="Graphics\Geometry.cpp">
      <Filter>Source Files</Filter>
    </ClCompile>
    <ClCompile Include="Graphics\GraphicsGL.cpp">
      <Filter>Source Files</Filter>
    </ClCompile>
    <ClCompile Include="Graphics\Sprite.cpp">
      <Filter>Source Files</Filter>
    </ClCompile>
    <ClCompile Include="Graphics\Text.cpp">
      <Filter>Source Files</Filter>
    </ClCompile>
    <ClCompile Include="Graphics\Texture.cpp">
      <Filter>Source Files</Filter>
    </ClCompile>
    <ClCompile Include="IO\Components\AreaButton.cpp">
      <Filter>Source Files</Filter>
    </ClCompile>
    <ClCompile Include="IO\Components\Button.cpp">
      <Filter>Source Files</Filter>
    </ClCompile>
    <ClCompile Include="IO\Components\Charset.cpp">
      <Filter>Source Files</Filter>
    </ClCompile>
    <ClCompile Include="IO\Components\ChatBalloon.cpp">
      <Filter>Source Files</Filter>
    </ClCompile>
    <ClCompile Include="IO\Components\EquipTooltip.cpp">
      <Filter>Source Files</Filter>
    </ClCompile>
    <ClCompile Include="IO\Components\Gauge.cpp">
      <Filter>Source Files</Filter>
    </ClCompile>
    <ClCompile Include="IO\Components\Icon.cpp">
      <Filter>Source Files</Filter>
    </ClCompile>
    <ClCompile Include="IO\Components\IconCover.cpp">
      <Filter>Source Files</Filter>
    </ClCompile>
    <ClCompile Include="IO\Components\ItemTooltip.cpp">
      <Filter>Source Files</Filter>
    </ClCompile>
    <ClCompile Include="IO\Components\MapleButton.cpp">
      <Filter>Source Files</Filter>
    </ClCompile>
    <ClCompile Include="IO\Components\MapleComboBox.cpp">
      <Filter>Source Files</Filter>
    </ClCompile>
    <ClCompile Include="IO\Components\MapleFrame.cpp">
      <Filter>Source Files</Filter>
    </ClCompile>
    <ClCompile Include="IO\Components\MapTooltip.cpp">
      <Filter>Source Files</Filter>
    </ClCompile>
    <ClCompile Include="IO\Components\NameTag.cpp">
      <Filter>Source Files</Filter>
    </ClCompile>
    <ClCompile Include="IO\Components\NpcText.cpp">
      <Filter>Source Files</Filter>
    </ClCompile>
    <ClCompile Include="IO\Components\ScrollingNotice.cpp">
      <Filter>Source Files</Filter>
    </ClCompile>
    <ClCompile Include="IO\Components\SkillTooltip.cpp">
      <Filter>Source Files</Filter>
    </ClCompile>
    <ClCompile Include="IO\Components\Slider.cpp">
      <Filter>Source Files</Filter>
    </ClCompile>
    <ClCompile Include="IO\Components\StatefulIcon.cpp">
      <Filter>Source Files</Filter>
    </ClCompile>
    <ClCompile Include="IO\Components\Textfield.cpp">
      <Filter>Source Files</Filter>
    </ClCompile>
    <ClCompile Include="IO\Components\TextTooltip.cpp">
      <Filter>Source Files</Filter>
    </ClCompile>
    <ClCompile Include="IO\Components\TwoSpriteButton.cpp">
      <Filter>Source Files</Filter>
    </ClCompile>
    <ClCompile Include="IO\UITypes\UIAranCreation.cpp">
      <Filter>Source Files</Filter>
    </ClCompile>
    <ClCompile Include="IO\UITypes\UIBuffList.cpp">
      <Filter>Source Files</Filter>
    </ClCompile>
    <ClCompile Include="IO\UITypes\UICashShop.cpp">
      <Filter>Source Files</Filter>
    </ClCompile>
    <ClCompile Include="IO\UITypes\UIChannel.cpp">
      <Filter>Source Files</Filter>
    </ClCompile>
    <ClCompile Include="IO\UITypes\UICharInfo.cpp">
      <Filter>Source Files</Filter>
    </ClCompile>
    <ClCompile Include="IO\UITypes\UICharSelect.cpp">
      <Filter>Source Files</Filter>
    </ClCompile>
    <ClCompile Include="IO\UITypes\UIChat.cpp">
      <Filter>Source Files</Filter>
    </ClCompile>
    <ClCompile Include="IO\UITypes\UIChatBar.cpp">
      <Filter>Source Files</Filter>
    </ClCompile>
    <ClCompile Include="IO\UITypes\UICygnusCreation.cpp">
      <Filter>Source Files</Filter>
    </ClCompile>
    <ClCompile Include="IO\UITypes\UIEquipInventory.cpp">
      <Filter>Source Files</Filter>
    </ClCompile>
    <ClCompile Include="IO\UITypes\UIEvent.cpp">
      <Filter>Source Files</Filter>
    </ClCompile>
    <ClCompile Include="IO\UITypes\UIExplorerCreation.cpp">
      <Filter>Source Files</Filter>
    </ClCompile>
    <ClCompile Include="IO\UITypes\UIGender.cpp">
      <Filter>Source Files</Filter>
    </ClCompile>
    <ClCompile Include="IO\UITypes\UIItemInventory.cpp">
      <Filter>Source Files</Filter>
    </ClCompile>
    <ClCompile Include="IO\UITypes\UIJoypad.cpp">
      <Filter>Source Files</Filter>
    </ClCompile>
    <ClCompile Include="IO\UITypes\UIKeyConfig.cpp">
      <Filter>Source Files</Filter>
    </ClCompile>
    <ClCompile Include="IO\UITypes\UILogin.cpp">
      <Filter>Source Files</Filter>
    </ClCompile>
    <ClCompile Include="IO\UITypes\UILoginNotice.cpp">
      <Filter>Source Files</Filter>
    </ClCompile>
    <ClCompile Include="IO\UITypes\UILoginWait.cpp">
      <Filter>Source Files</Filter>
    </ClCompile>
    <ClCompile Include="IO\UITypes\UILogo.cpp">
      <Filter>Source Files</Filter>
    </ClCompile>
    <ClCompile Include="IO\UITypes\UIMiniMap.cpp">
      <Filter>Source Files</Filter>
    </ClCompile>
    <ClCompile Include="IO\UITypes\UINotice.cpp">
      <Filter>Source Files</Filter>
    </ClCompile>
    <ClCompile Include="IO\UITypes\UINpcTalk.cpp">
      <Filter>Source Files</Filter>
    </ClCompile>
    <ClCompile Include="IO\UITypes\UIOptionMenu.cpp">
      <Filter>Source Files</Filter>
    </ClCompile>
    <ClCompile Include="IO\UITypes\UIQuestLog.cpp">
      <Filter>Source Files</Filter>
    </ClCompile>
    <ClCompile Include="IO\UITypes\UIQuit.cpp">
      <Filter>Source Files</Filter>
    </ClCompile>
    <ClCompile Include="IO\UITypes\UIRaceSelect.cpp">
      <Filter>Source Files</Filter>
    </ClCompile>
    <ClCompile Include="IO\UITypes\UIRegion.cpp">
      <Filter>Source Files</Filter>
    </ClCompile>
    <ClCompile Include="IO\UITypes\UIShop.cpp">
      <Filter>Source Files</Filter>
    </ClCompile>
    <ClCompile Include="IO\UITypes\UISkillBook.cpp">
      <Filter>Source Files</Filter>
    </ClCompile>
    <ClCompile Include="IO\UITypes\UISoftKey.cpp">
      <Filter>Source Files</Filter>
    </ClCompile>
    <ClCompile Include="IO\UITypes\UIStatsInfo.cpp">
      <Filter>Source Files</Filter>
    </ClCompile>
    <ClCompile Include="IO\UITypes\UIStatusBar.cpp">
      <Filter>Source Files</Filter>
    </ClCompile>
    <ClCompile Include="IO\UITypes\UIStatusMessenger.cpp">
      <Filter>Source Files</Filter>
    </ClCompile>
    <ClCompile Include="IO\UITypes\UITermsOfService.cpp">
      <Filter>Source Files</Filter>
    </ClCompile>
    <ClCompile Include="IO\UITypes\UIUserList.cpp">
      <Filter>Source Files</Filter>
    </ClCompile>
    <ClCompile Include="IO\UITypes\UIWorldMap.cpp">
      <Filter>Source Files</Filter>
    </ClCompile>
    <ClCompile Include="IO\UITypes\UIWorldSelect.cpp">
      <Filter>Source Files</Filter>
    </ClCompile>
    <ClCompile Include="IO\Cursor.cpp">
      <Filter>Source Files</Filter>
    </ClCompile>
    <ClCompile Include="IO\Keyboard.cpp">
      <Filter>Source Files</Filter>
    </ClCompile>
    <ClCompile Include="IO\Messages.cpp">
      <Filter>Source Files</Filter>
    </ClCompile>
    <ClCompile Include="IO\UI.cpp">
      <Filter>Source Files</Filter>
    </ClCompile>
    <ClCompile Include="IO\UIElement.cpp">
      <Filter>Source Files</Filter>
    </ClCompile>
    <ClCompile Include="IO\UIStateCashShop.cpp">
      <Filter>Source Files</Filter>
    </ClCompile>
    <ClCompile Include="IO\UIStateGame.cpp">
      <Filter>Source Files</Filter>
    </ClCompile>
    <ClCompile Include="IO\UIStateLogin.cpp">
      <Filter>Source Files</Filter>
    </ClCompile>
    <ClCompile Include="IO\Window.cpp">
      <Filter>Source Files</Filter>
    </ClCompile>
    <ClCompile Include="Net\Handlers\Helpers\CashShopParser.cpp">
      <Filter>Source Files</Filter>
    </ClCompile>
    <ClCompile Include="Net\Handlers\Helpers\CharacterParser.cpp">
      <Filter>Source Files</Filter>
    </ClCompile>
    <ClCompile Include="Net\Handlers\Helpers\ItemParser.cpp">
      <Filter>Source Files</Filter>
    </ClCompile>
    <ClCompile Include="Net\Handlers\Helpers\LoginParser.cpp">
      <Filter>Source Files</Filter>
    </ClCompile>
    <ClCompile Include="Net\Handlers\Helpers\MovementParser.cpp">
      <Filter>Source Files</Filter>
    </ClCompile>
    <ClCompile Include="Net\Handlers\AttackHandlers.cpp">
      <Filter>Source Files</Filter>
    </ClCompile>
    <ClCompile Include="Net\Handlers\CashShopHandlers.cpp">
      <Filter>Source Files</Filter>
    </ClCompile>
    <ClCompile Include="Net\Handlers\CommonHandlers.cpp">
      <Filter>Source Files</Filter>
    </ClCompile>
    <ClCompile Include="Net\Handlers\InventoryHandlers.cpp">
      <Filter>Source Files</Filter>
    </ClCompile>
    <ClCompile Include="Net\Handlers\LoginHandlers.cpp">
      <Filter>Source Files</Filter>
    </ClCompile>
    <ClCompile Include="Net\Handlers\MapObjectHandlers.cpp">
      <Filter>Source Files</Filter>
    </ClCompile>
    <ClCompile Include="Net\Handlers\MessagingHandlers.cpp">
      <Filter>Source Files</Filter>
    </ClCompile>
    <ClCompile Include="Net\Handlers\NpcInteractionHandlers.cpp">
      <Filter>Source Files</Filter>
    </ClCompile>
    <ClCompile Include="Net\Handlers\PlayerHandlers.cpp">
      <Filter>Source Files</Filter>
    </ClCompile>
    <ClCompile Include="Net\Handlers\PlayerInteractionHandlers.cpp">
      <Filter>Source Files</Filter>
    </ClCompile>
    <ClCompile Include="Net\Handlers\SetFieldHandlers.cpp">
      <Filter>Source Files</Filter>
    </ClCompile>
    <ClCompile Include="Net\Handlers\TestingHandlers.cpp">
      <Filter>Source Files</Filter>
    </ClCompile>
    <ClCompile Include="Net\Cryptography.cpp">
      <Filter>Source Files</Filter>
    </ClCompile>
    <ClCompile Include="Net\InPacket.cpp">
      <Filter>Source Files</Filter>
    </ClCompile>
    <ClCompile Include="Net\OutPacket.cpp">
      <Filter>Source Files</Filter>
    </ClCompile>
    <ClCompile Include="Net\PacketSwitch.cpp">
      <Filter>Source Files</Filter>
    </ClCompile>
    <ClCompile Include="Net\Session.cpp">
      <Filter>Source Files</Filter>
    </ClCompile>
    <ClCompile Include="Net\SocketAsio.cpp">
      <Filter>Source Files</Filter>
    </ClCompile>
    <ClCompile Include="Net\SocketWinsock.cpp">
      <Filter>Source Files</Filter>
    </ClCompile>
    <ClCompile Include="Util\Misc.cpp">
      <Filter>Source Files</Filter>
    </ClCompile>
    <ClCompile Include="Character\Look\BodyDrawInfo.cpp">
      <Filter>Source Files</Filter>
    </ClCompile>
    <ClCompile Include="Util\WzFiles.cpp">
      <Filter>Source Files</Filter>
    </ClCompile>
    <ClCompile Include="Util\NxFiles.cpp">
      <Filter>Source Files</Filter>
    </ClCompile>
  </ItemGroup>
  <ItemGroup>
    <ClInclude Include="Configuration.h">
      <Filter>Header Files</Filter>
    </ClInclude>
    <ClInclude Include="Constants.h">
      <Filter>Header Files</Filter>
    </ClInclude>
    <ClInclude Include="Error.h">
      <Filter>Header Files</Filter>
    </ClInclude>
    <ClInclude Include="Timer.h">
      <Filter>Header Files</Filter>
    </ClInclude>
    <ClInclude Include="MapleStory.h">
      <Filter>Header Files</Filter>
    </ClInclude>
    <ClInclude Include="Resource.h">
      <Filter>Header Files</Filter>
    </ClInclude>
    <ClInclude Include="Audio\Audio.h">
      <Filter>Header Files</Filter>
    </ClInclude>
    <ClInclude Include="Character\Inventory\Equip.h">
      <Filter>Header Files</Filter>
    </ClInclude>
    <ClInclude Include="Character\Inventory\EquipQuality.h">
      <Filter>Header Files</Filter>
    </ClInclude>
    <ClInclude Include="Character\Inventory\Inventory.h">
      <Filter>Header Files</Filter>
    </ClInclude>
    <ClInclude Include="Character\Inventory\InventoryType.h">
      <Filter>Header Files</Filter>
    </ClInclude>
    <ClInclude Include="Character\Inventory\Item.h">
      <Filter>Header Files</Filter>
    </ClInclude>
    <ClInclude Include="Character\Inventory\Pet.h">
      <Filter>Header Files</Filter>
    </ClInclude>
    <ClInclude Include="Character\Inventory\Weapon.h">
      <Filter>Header Files</Filter>
    </ClInclude>
    <ClInclude Include="Character\Look\Afterimage.h">
      <Filter>Header Files</Filter>
    </ClInclude>
    <ClInclude Include="Character\Look\Body.h">
      <Filter>Header Files</Filter>
    </ClInclude>
    <ClInclude Include="Character\Look\BodyDrawInfo.h">
      <Filter>Header Files</Filter>
    </ClInclude>
    <ClInclude Include="Character\Look\CharEquips.h">
      <Filter>Header Files</Filter>
    </ClInclude>
    <ClInclude Include="Character\Look\CharLook.h">
      <Filter>Header Files</Filter>
    </ClInclude>
    <ClInclude Include="Character\Look\Clothing.h">
      <Filter>Header Files</Filter>
    </ClInclude>
    <ClInclude Include="Character\Look\EquipSlot.h">
      <Filter>Header Files</Filter>
    </ClInclude>
    <ClInclude Include="Character\Look\Face.h">
      <Filter>Header Files</Filter>
    </ClInclude>
    <ClInclude Include="Character\Look\Hair.h">
      <Filter>Header Files</Filter>
    </ClInclude>
    <ClInclude Include="Character\Look\PetLook.h">
      <Filter>Header Files</Filter>
    </ClInclude>
    <ClInclude Include="Character\Look\Stance.h">
      <Filter>Header Files</Filter>
    </ClInclude>
    <ClInclude Include="Character\ActiveBuffs.h">
      <Filter>Header Files</Filter>
    </ClInclude>
    <ClInclude Include="Character\Buff.h">
      <Filter>Header Files</Filter>
    </ClInclude>
    <ClInclude Include="Character\Char.h">
      <Filter>Header Files</Filter>
    </ClInclude>
    <ClInclude Include="Character\CharEffect.h">
      <Filter>Header Files</Filter>
    </ClInclude>
    <ClInclude Include="Character\CharStats.h">
      <Filter>Header Files</Filter>
    </ClInclude>
    <ClInclude Include="Character\EquipStat.h">
      <Filter>Header Files</Filter>
    </ClInclude>
    <ClInclude Include="Character\ExpTable.h">
      <Filter>Header Files</Filter>
    </ClInclude>
    <ClInclude Include="Character\Job.h">
      <Filter>Header Files</Filter>
    </ClInclude>
    <ClInclude Include="Character\MapleStat.h">
      <Filter>Header Files</Filter>
    </ClInclude>
    <ClInclude Include="Character\MonsterBook.h">
      <Filter>Header Files</Filter>
    </ClInclude>
    <ClInclude Include="Character\OtherChar.h">
      <Filter>Header Files</Filter>
    </ClInclude>
    <ClInclude Include="Character\PassiveBuffs.h">
      <Filter>Header Files</Filter>
    </ClInclude>
    <ClInclude Include="Character\Player.h">
      <Filter>Header Files</Filter>
    </ClInclude>
    <ClInclude Include="Character\PlayerStates.h">
      <Filter>Header Files</Filter>
    </ClInclude>
    <ClInclude Include="Character\Questlog.h">
      <Filter>Header Files</Filter>
    </ClInclude>
    <ClInclude Include="Character\SkillBook.h">
      <Filter>Header Files</Filter>
    </ClInclude>
    <ClInclude Include="Character\SkillId.h">
      <Filter>Header Files</Filter>
    </ClInclude>
    <ClInclude Include="Character\StatCaps.h">
      <Filter>Header Files</Filter>
    </ClInclude>
    <ClInclude Include="Character\TeleportRock.h">
      <Filter>Header Files</Filter>
    </ClInclude>
    <ClInclude Include="Data\BulletData.h">
      <Filter>Header Files</Filter>
    </ClInclude>
    <ClInclude Include="Data\EquipData.h">
      <Filter>Header Files</Filter>
    </ClInclude>
    <ClInclude Include="Data\ItemData.h">
      <Filter>Header Files</Filter>
    </ClInclude>
    <ClInclude Include="Data\JobData.h">
      <Filter>Header Files</Filter>
    </ClInclude>
    <ClInclude Include="Data\SkillData.h">
      <Filter>Header Files</Filter>
    </ClInclude>
    <ClInclude Include="Data\WeaponData.h">
      <Filter>Header Files</Filter>
    </ClInclude>
    <ClInclude Include="Gameplay\Combat\Attack.h">
      <Filter>Header Files</Filter>
    </ClInclude>
    <ClInclude Include="Gameplay\Combat\Bullet.h">
      <Filter>Header Files</Filter>
    </ClInclude>
    <ClInclude Include="Gameplay\Combat\Combat.h">
      <Filter>Header Files</Filter>
    </ClInclude>
    <ClInclude Include="Gameplay\Combat\DamageNumber.h">
      <Filter>Header Files</Filter>
    </ClInclude>
    <ClInclude Include="Gameplay\Combat\RegularAttack.h">
      <Filter>Header Files</Filter>
    </ClInclude>
    <ClInclude Include="Gameplay\Combat\Skill.h">
      <Filter>Header Files</Filter>
    </ClInclude>
    <ClInclude Include="Gameplay\Combat\SkillAction.h">
      <Filter>Header Files</Filter>
    </ClInclude>
    <ClInclude Include="Gameplay\Combat\SkillBullet.h">
      <Filter>Header Files</Filter>
    </ClInclude>
    <ClInclude Include="Gameplay\Combat\SkillHitEffect.h">
      <Filter>Header Files</Filter>
    </ClInclude>
    <ClInclude Include="Gameplay\Combat\SkillSound.h">
      <Filter>Header Files</Filter>
    </ClInclude>
    <ClInclude Include="Gameplay\Combat\SkillUseEffect.h">
      <Filter>Header Files</Filter>
    </ClInclude>
    <ClInclude Include="Gameplay\Combat\SpecialMove.h">
      <Filter>Header Files</Filter>
    </ClInclude>
    <ClInclude Include="Gameplay\MapleMap\Drop.h">
      <Filter>Header Files</Filter>
    </ClInclude>
    <ClInclude Include="Gameplay\MapleMap\ItemDrop.h">
      <Filter>Header Files</Filter>
    </ClInclude>
    <ClInclude Include="Gameplay\MapleMap\Layer.h">
      <Filter>Header Files</Filter>
    </ClInclude>
    <ClInclude Include="Gameplay\MapleMap\MapBackgrounds.h">
      <Filter>Header Files</Filter>
    </ClInclude>
    <ClInclude Include="Gameplay\MapleMap\MapChars.h">
      <Filter>Header Files</Filter>
    </ClInclude>
    <ClInclude Include="Gameplay\MapleMap\MapDrops.h">
      <Filter>Header Files</Filter>
    </ClInclude>
    <ClInclude Include="Gameplay\MapleMap\MapEffect.h">
      <Filter>Header Files</Filter>
    </ClInclude>
    <ClInclude Include="Gameplay\MapleMap\MapInfo.h">
      <Filter>Header Files</Filter>
    </ClInclude>
    <ClInclude Include="Gameplay\MapleMap\MapMobs.h">
      <Filter>Header Files</Filter>
    </ClInclude>
    <ClInclude Include="Gameplay\MapleMap\MapNpcs.h">
      <Filter>Header Files</Filter>
    </ClInclude>
    <ClInclude Include="Gameplay\MapleMap\MapObject.h">
      <Filter>Header Files</Filter>
    </ClInclude>
    <ClInclude Include="Gameplay\MapleMap\MapObjects.h">
      <Filter>Header Files</Filter>
    </ClInclude>
    <ClInclude Include="Gameplay\MapleMap\MapPortals.h">
      <Filter>Header Files</Filter>
    </ClInclude>
    <ClInclude Include="Gameplay\MapleMap\MapReactors.h">
      <Filter>Header Files</Filter>
    </ClInclude>
    <ClInclude Include="Gameplay\MapleMap\MapTilesObjs.h">
      <Filter>Header Files</Filter>
    </ClInclude>
    <ClInclude Include="Gameplay\MapleMap\MesoDrop.h">
      <Filter>Header Files</Filter>
    </ClInclude>
    <ClInclude Include="Gameplay\MapleMap\Mob.h">
      <Filter>Header Files</Filter>
    </ClInclude>
    <ClInclude Include="Gameplay\MapleMap\Npc.h">
      <Filter>Header Files</Filter>
    </ClInclude>
    <ClInclude Include="Gameplay\MapleMap\Obj.h">
      <Filter>Header Files</Filter>
    </ClInclude>
    <ClInclude Include="Gameplay\MapleMap\Portal.h">
      <Filter>Header Files</Filter>
    </ClInclude>
    <ClInclude Include="Gameplay\MapleMap\Reactor.h">
      <Filter>Header Files</Filter>
    </ClInclude>
    <ClInclude Include="Gameplay\MapleMap\Tile.h">
      <Filter>Header Files</Filter>
    </ClInclude>
    <ClInclude Include="Gameplay\Physics\Foothold.h">
      <Filter>Header Files</Filter>
    </ClInclude>
    <ClInclude Include="Gameplay\Physics\FootholdTree.h">
      <Filter>Header Files</Filter>
    </ClInclude>
    <ClInclude Include="Gameplay\Physics\Physics.h">
      <Filter>Header Files</Filter>
    </ClInclude>
    <ClInclude Include="Gameplay\Physics\PhysicsObject.h">
      <Filter>Header Files</Filter>
    </ClInclude>
    <ClInclude Include="Gameplay\Camera.h">
      <Filter>Header Files</Filter>
    </ClInclude>
    <ClInclude Include="Gameplay\Movement.h">
      <Filter>Header Files</Filter>
    </ClInclude>
    <ClInclude Include="Gameplay\Playable.h">
      <Filter>Header Files</Filter>
    </ClInclude>
    <ClInclude Include="Gameplay\Spawn.h">
      <Filter>Header Files</Filter>
    </ClInclude>
    <ClInclude Include="Gameplay\Stage.h">
      <Filter>Header Files</Filter>
    </ClInclude>
    <ClInclude Include="Graphics\Animation.h">
      <Filter>Header Files</Filter>
    </ClInclude>
    <ClInclude Include="Graphics\Color.h">
      <Filter>Header Files</Filter>
    </ClInclude>
    <ClInclude Include="Graphics\DrawArgument.h">
      <Filter>Header Files</Filter>
    </ClInclude>
    <ClInclude Include="Graphics\EffectLayer.h">
      <Filter>Header Files</Filter>
    </ClInclude>
    <ClInclude Include="Graphics\Geometry.h">
      <Filter>Header Files</Filter>
    </ClInclude>
    <ClInclude Include="Graphics\GraphicsGL.h">
      <Filter>Header Files</Filter>
    </ClInclude>
    <ClInclude Include="Graphics\SpecialText.h">
      <Filter>Header Files</Filter>
    </ClInclude>
    <ClInclude Include="Graphics\Sprite.h">
      <Filter>Header Files</Filter>
    </ClInclude>
    <ClInclude Include="Graphics\Text.h">
      <Filter>Header Files</Filter>
    </ClInclude>
    <ClInclude Include="Graphics\Texture.h">
      <Filter>Header Files</Filter>
    </ClInclude>
    <ClInclude Include="IO\Components\AreaButton.h">
      <Filter>Header Files</Filter>
    </ClInclude>
    <ClInclude Include="IO\Components\Button.h">
      <Filter>Header Files</Filter>
    </ClInclude>
    <ClInclude Include="IO\Components\Charset.h">
      <Filter>Header Files</Filter>
    </ClInclude>
    <ClInclude Include="IO\Components\ChatBalloon.h">
      <Filter>Header Files</Filter>
    </ClInclude>
    <ClInclude Include="IO\Components\EquipTooltip.h">
      <Filter>Header Files</Filter>
    </ClInclude>
    <ClInclude Include="IO\Components\Gauge.h">
      <Filter>Header Files</Filter>
    </ClInclude>
    <ClInclude Include="IO\Components\Icon.h">
      <Filter>Header Files</Filter>
    </ClInclude>
    <ClInclude Include="IO\Components\IconCover.h">
      <Filter>Header Files</Filter>
    </ClInclude>
    <ClInclude Include="IO\Components\ItemTooltip.h">
      <Filter>Header Files</Filter>
    </ClInclude>
    <ClInclude Include="IO\Components\MapleButton.h">
      <Filter>Header Files</Filter>
    </ClInclude>
    <ClInclude Include="IO\Components\MapleComboBox.h">
      <Filter>Header Files</Filter>
    </ClInclude>
    <ClInclude Include="IO\Components\MapleFrame.h">
      <Filter>Header Files</Filter>
    </ClInclude>
    <ClInclude Include="IO\Components\MapTooltip.h">
      <Filter>Header Files</Filter>
    </ClInclude>
    <ClInclude Include="IO\Components\NameTag.h">
      <Filter>Header Files</Filter>
    </ClInclude>
    <ClInclude Include="IO\Components\ScrollingNotice.h">
      <Filter>Header Files</Filter>
    </ClInclude>
    <ClInclude Include="IO\Components\SkillTooltip.h">
      <Filter>Header Files</Filter>
    </ClInclude>
    <ClInclude Include="IO\Components\Slider.h">
      <Filter>Header Files</Filter>
    </ClInclude>
    <ClInclude Include="IO\Components\StatefulIcon.h">
      <Filter>Header Files</Filter>
    </ClInclude>
    <ClInclude Include="IO\Components\Textfield.h">
      <Filter>Header Files</Filter>
    </ClInclude>
    <ClInclude Include="IO\Components\TextTooltip.h">
      <Filter>Header Files</Filter>
    </ClInclude>
    <ClInclude Include="IO\Components\Tooltip.h">
      <Filter>Header Files</Filter>
    </ClInclude>
    <ClInclude Include="IO\Components\TwoSpriteButton.h">
      <Filter>Header Files</Filter>
    </ClInclude>
    <ClInclude Include="IO\UITypes\UIAranCreation.h">
      <Filter>Header Files</Filter>
    </ClInclude>
    <ClInclude Include="IO\UITypes\UIBuffList.h">
      <Filter>Header Files</Filter>
    </ClInclude>
    <ClInclude Include="IO\UITypes\UICashShop.h">
      <Filter>Header Files</Filter>
    </ClInclude>
    <ClInclude Include="IO\UITypes\UIChannel.h">
      <Filter>Header Files</Filter>
    </ClInclude>
    <ClInclude Include="IO\UITypes\UICharInfo.h">
      <Filter>Header Files</Filter>
    </ClInclude>
    <ClInclude Include="IO\UITypes\UICharSelect.h">
      <Filter>Header Files</Filter>
    </ClInclude>
    <ClInclude Include="IO\UITypes\UIChat.h">
      <Filter>Header Files</Filter>
    </ClInclude>
    <ClInclude Include="IO\UITypes\UIChatBar.h">
      <Filter>Header Files</Filter>
    </ClInclude>
    <ClInclude Include="IO\UITypes\UICygnusCreation.h">
      <Filter>Header Files</Filter>
    </ClInclude>
    <ClInclude Include="IO\UITypes\UIEquipInventory.h">
      <Filter>Header Files</Filter>
    </ClInclude>
    <ClInclude Include="IO\UITypes\UIEvent.h">
      <Filter>Header Files</Filter>
    </ClInclude>
    <ClInclude Include="IO\UITypes\UIExplorerCreation.h">
      <Filter>Header Files</Filter>
    </ClInclude>
    <ClInclude Include="IO\UITypes\UIGender.h">
      <Filter>Header Files</Filter>
    </ClInclude>
    <ClInclude Include="IO\UITypes\UIItemInventory.h">
      <Filter>Header Files</Filter>
    </ClInclude>
    <ClInclude Include="IO\UITypes\UIJoypad.h">
      <Filter>Header Files</Filter>
    </ClInclude>
    <ClInclude Include="IO\UITypes\UIKeyConfig.h">
      <Filter>Header Files</Filter>
    </ClInclude>
    <ClInclude Include="IO\UITypes\UILogin.h">
      <Filter>Header Files</Filter>
    </ClInclude>
    <ClInclude Include="IO\UITypes\UILoginNotice.h">
      <Filter>Header Files</Filter>
    </ClInclude>
    <ClInclude Include="IO\UITypes\UILoginWait.h">
      <Filter>Header Files</Filter>
    </ClInclude>
    <ClInclude Include="IO\UITypes\UILogo.h">
      <Filter>Header Files</Filter>
    </ClInclude>
    <ClInclude Include="IO\UITypes\UIMiniMap.h">
      <Filter>Header Files</Filter>
    </ClInclude>
    <ClInclude Include="IO\UITypes\UINotice.h">
      <Filter>Header Files</Filter>
    </ClInclude>
    <ClInclude Include="IO\UITypes\UINpcTalk.h">
      <Filter>Header Files</Filter>
    </ClInclude>
    <ClInclude Include="IO\UITypes\UIOptionMenu.h">
      <Filter>Header Files</Filter>
    </ClInclude>
    <ClInclude Include="IO\UITypes\UIQuestLog.h">
      <Filter>Header Files</Filter>
    </ClInclude>
    <ClInclude Include="IO\UITypes\UIQuit.h">
      <Filter>Header Files</Filter>
    </ClInclude>
    <ClInclude Include="IO\UITypes\UIRaceSelect.h">
      <Filter>Header Files</Filter>
    </ClInclude>
    <ClInclude Include="IO\UITypes\UIRegion.h">
      <Filter>Header Files</Filter>
    </ClInclude>
    <ClInclude Include="IO\UITypes\UIShop.h">
      <Filter>Header Files</Filter>
    </ClInclude>
    <ClInclude Include="IO\UITypes\UISkillBook.h">
      <Filter>Header Files</Filter>
    </ClInclude>
    <ClInclude Include="IO\UITypes\UISoftKey.h">
      <Filter>Header Files</Filter>
    </ClInclude>
    <ClInclude Include="IO\UITypes\UIStatsInfo.h">
      <Filter>Header Files</Filter>
    </ClInclude>
    <ClInclude Include="IO\UITypes\UIStatusBar.h">
      <Filter>Header Files</Filter>
    </ClInclude>
    <ClInclude Include="IO\UITypes\UIStatusMessenger.h">
      <Filter>Header Files</Filter>
    </ClInclude>
    <ClInclude Include="IO\UITypes\UITermsOfService.h">
      <Filter>Header Files</Filter>
    </ClInclude>
    <ClInclude Include="IO\UITypes\UIUserList.h">
      <Filter>Header Files</Filter>
    </ClInclude>
    <ClInclude Include="IO\UITypes\UIWorldMap.h">
      <Filter>Header Files</Filter>
    </ClInclude>
    <ClInclude Include="IO\UITypes\UIWorldSelect.h">
      <Filter>Header Files</Filter>
    </ClInclude>
    <ClInclude Include="IO\Cursor.h">
      <Filter>Header Files</Filter>
    </ClInclude>
    <ClInclude Include="IO\KeyAction.h">
      <Filter>Header Files</Filter>
    </ClInclude>
    <ClInclude Include="IO\Keyboard.h">
      <Filter>Header Files</Filter>
    </ClInclude>
    <ClInclude Include="IO\KeyConfig.h">
      <Filter>Header Files</Filter>
    </ClInclude>
    <ClInclude Include="IO\KeyType.h">
      <Filter>Header Files</Filter>
    </ClInclude>
    <ClInclude Include="IO\Messages.h">
      <Filter>Header Files</Filter>
    </ClInclude>
    <ClInclude Include="IO\UI.h">
      <Filter>Header Files</Filter>
    </ClInclude>
    <ClInclude Include="IO\UIDragElement.h">
      <Filter>Header Files</Filter>
    </ClInclude>
    <ClInclude Include="IO\UIElement.h">
      <Filter>Header Files</Filter>
    </ClInclude>
    <ClInclude Include="IO\UIState.h">
      <Filter>Header Files</Filter>
    </ClInclude>
    <ClInclude Include="IO\UIStateCashShop.h">
      <Filter>Header Files</Filter>
    </ClInclude>
    <ClInclude Include="IO\UIStateGame.h">
      <Filter>Header Files</Filter>
    </ClInclude>
    <ClInclude Include="IO\UIStateLogin.h">
      <Filter>Header Files</Filter>
    </ClInclude>
    <ClInclude Include="IO\Window.h">
      <Filter>Header Files</Filter>
    </ClInclude>
    <ClInclude Include="Net\Handlers\Helpers\CashShopParser.h">
      <Filter>Header Files</Filter>
    </ClInclude>
    <ClInclude Include="Net\Handlers\Helpers\CharacterParser.h">
      <Filter>Header Files</Filter>
    </ClInclude>
    <ClInclude Include="Net\Handlers\Helpers\ItemParser.h">
      <Filter>Header Files</Filter>
    </ClInclude>
    <ClInclude Include="Net\Handlers\Helpers\LoginParser.h">
      <Filter>Header Files</Filter>
    </ClInclude>
    <ClInclude Include="Net\Handlers\Helpers\MovementParser.h">
      <Filter>Header Files</Filter>
    </ClInclude>
    <ClInclude Include="Net\Handlers\AttackHandlers.h">
      <Filter>Header Files</Filter>
    </ClInclude>
    <ClInclude Include="Net\Handlers\CashShopHandlers.h">
      <Filter>Header Files</Filter>
    </ClInclude>
    <ClInclude Include="Net\Handlers\CommonHandlers.h">
      <Filter>Header Files</Filter>
    </ClInclude>
    <ClInclude Include="Net\Handlers\InventoryHandlers.h">
      <Filter>Header Files</Filter>
    </ClInclude>
    <ClInclude Include="Net\Handlers\LoginHandlers.h">
      <Filter>Header Files</Filter>
    </ClInclude>
    <ClInclude Include="Net\Handlers\MapObjectHandlers.h">
      <Filter>Header Files</Filter>
    </ClInclude>
    <ClInclude Include="Net\Handlers\MessagingHandlers.h">
      <Filter>Header Files</Filter>
    </ClInclude>
    <ClInclude Include="Net\Handlers\NpcInteractionHandlers.h">
      <Filter>Header Files</Filter>
    </ClInclude>
    <ClInclude Include="Net\Handlers\PlayerHandlers.h">
      <Filter>Header Files</Filter>
    </ClInclude>
    <ClInclude Include="Net\Handlers\PlayerInteractionHandlers.h">
      <Filter>Header Files</Filter>
    </ClInclude>
    <ClInclude Include="Net\Handlers\SetFieldHandlers.h">
      <Filter>Header Files</Filter>
    </ClInclude>
    <ClInclude Include="Net\Handlers\TestingHandlers.h">
      <Filter>Header Files</Filter>
    </ClInclude>
    <ClInclude Include="Net\Packets\AttackAndSkillPackets.h">
      <Filter>Header Files</Filter>
    </ClInclude>
    <ClInclude Include="Net\Packets\CharCreationPackets.h">
      <Filter>Header Files</Filter>
    </ClInclude>
    <ClInclude Include="Net\Packets\CommonPackets.h">
      <Filter>Header Files</Filter>
    </ClInclude>
    <ClInclude Include="Net\Packets\GameplayPackets.h">
      <Filter>Header Files</Filter>
    </ClInclude>
    <ClInclude Include="Net\Packets\InventoryPackets.h">
      <Filter>Header Files</Filter>
    </ClInclude>
    <ClInclude Include="Net\Packets\LoginPackets.h">
      <Filter>Header Files</Filter>
    </ClInclude>
    <ClInclude Include="Net\Packets\MessagingPackets.h">
      <Filter>Header Files</Filter>
    </ClInclude>
    <ClInclude Include="Net\Packets\MovementPacket.h">
      <Filter>Header Files</Filter>
    </ClInclude>
    <ClInclude Include="Net\Packets\NpcInteractionPackets.h">
      <Filter>Header Files</Filter>
    </ClInclude>
    <ClInclude Include="Net\Packets\PlayerInteractionPackets.h">
      <Filter>Header Files</Filter>
    </ClInclude>
    <ClInclude Include="Net\Packets\PlayerPackets.h">
      <Filter>Header Files</Filter>
    </ClInclude>
    <ClInclude Include="Net\Packets\SelectCharPackets.h">
      <Filter>Header Files</Filter>
    </ClInclude>
    <ClInclude Include="Net\Cryptography.h">
      <Filter>Header Files</Filter>
    </ClInclude>
    <ClInclude Include="Net\InPacket.h">
      <Filter>Header Files</Filter>
    </ClInclude>
    <ClInclude Include="Net\Login.h">
      <Filter>Header Files</Filter>
    </ClInclude>
    <ClInclude Include="Net\NetConstants.h">
      <Filter>Header Files</Filter>
    </ClInclude>
    <ClInclude Include="Net\OutPacket.h">
      <Filter>Header Files</Filter>
    </ClInclude>
    <ClInclude Include="Net\PacketError.h">
      <Filter>Header Files</Filter>
    </ClInclude>
    <ClInclude Include="Net\PacketHandler.h">
      <Filter>Header Files</Filter>
    </ClInclude>
    <ClInclude Include="Net\PacketSwitch.h">
      <Filter>Header Files</Filter>
    </ClInclude>
    <ClInclude Include="Net\Session.h">
      <Filter>Header Files</Filter>
    </ClInclude>
    <ClInclude Include="Net\SocketAsio.h">
      <Filter>Header Files</Filter>
    </ClInclude>
    <ClInclude Include="Net\SocketWinsock.h">
      <Filter>Header Files</Filter>
    </ClInclude>
    <ClInclude Include="Template\BoolPair.h">
      <Filter>Header Files</Filter>
    </ClInclude>
    <ClInclude Include="Template\Cache.h">
      <Filter>Header Files</Filter>
    </ClInclude>
    <ClInclude Include="Template\Enumeration.h">
      <Filter>Header Files</Filter>
    </ClInclude>
    <ClInclude Include="Template\EnumMap.h">
      <Filter>Header Files</Filter>
    </ClInclude>
    <ClInclude Include="Template\Interpolated.h">
      <Filter>Header Files</Filter>
    </ClInclude>
    <ClInclude Include="Template\Optional.h">
      <Filter>Header Files</Filter>
    </ClInclude>
    <ClInclude Include="Template\Point.h">
      <Filter>Header Files</Filter>
    </ClInclude>
    <ClInclude Include="Template\Range.h">
      <Filter>Header Files</Filter>
    </ClInclude>
    <ClInclude Include="Template\Rectangle.h">
      <Filter>Header Files</Filter>
    </ClInclude>
    <ClInclude Include="Template\Singleton.h">
      <Filter>Header Files</Filter>
    </ClInclude>
    <ClInclude Include="Template\TimedQueue.h">
      <Filter>Header Files</Filter>
    </ClInclude>
    <ClInclude Include="Template\TypeMap.h">
      <Filter>Header Files</Filter>
    </ClInclude>
    <ClInclude Include="Util\HardwareInfo.h">
      <Filter>Header Files</Filter>
    </ClInclude>
    <ClInclude Include="Util\Lerp.h">
      <Filter>Header Files</Filter>
    </ClInclude>
    <ClInclude Include="Util\Misc.h">
      <Filter>Header Files</Filter>
    </ClInclude>
    <ClInclude Include="Util\QuadTree.h">
      <Filter>Header Files</Filter>
    </ClInclude>
    <ClInclude Include="Util\Randomizer.h">
      <Filter>Header Files</Filter>
    </ClInclude>
    <ClInclude Include="Util\ScreenResolution.h">
      <Filter>Header Files</Filter>
    </ClInclude>
    <ClInclude Include="Util\TimedBool.h">
      <Filter>Header Files</Filter>
    </ClInclude>
    <ClInclude Include="Util\WzFiles.h">
      <Filter>Header Files</Filter>
    </ClInclude>
    <ClInclude Include="Util\NxFiles.h">
      <Filter>Header Files</Filter>
    </ClInclude>
  </ItemGroup>
  <ItemGroup>
    <ResourceCompile Include="MapleStory.rc">
      <Filter>Resource Files</Filter>
    </ResourceCompile>
  </ItemGroup>
  <ItemGroup>
    <Image Include="Icon.ico">
      <Filter>Resource Files</Filter>
    </Image>
  </ItemGroup>
</Project>